// !$*UTF8*$!
{
	archiveVersion = 1;
	classes = {
	};
	objectVersion = 46;
	objects = {

/* Begin PBXBuildFile section */
		3F9A930219FA5BC4008AACB4 /* AppDelegate.swift in Sources */ = {isa = PBXBuildFile; fileRef = 3F9A930119FA5BC4008AACB4 /* AppDelegate.swift */; };
		3F9A930419FA5BC4008AACB4 /* ViewController.swift in Sources */ = {isa = PBXBuildFile; fileRef = 3F9A930319FA5BC4008AACB4 /* ViewController.swift */; };
		3F9A930719FA5BC4008AACB4 /* Main.storyboard in Resources */ = {isa = PBXBuildFile; fileRef = 3F9A930519FA5BC4008AACB4 /* Main.storyboard */; };
		3F9A930919FA5BC4008AACB4 /* Images.xcassets in Resources */ = {isa = PBXBuildFile; fileRef = 3F9A930819FA5BC4008AACB4 /* Images.xcassets */; };
		3F9A930C19FA5BC4008AACB4 /* LaunchScreen.xib in Resources */ = {isa = PBXBuildFile; fileRef = 3F9A930A19FA5BC4008AACB4 /* LaunchScreen.xib */; };
		3F9A931819FA5BC4008AACB4 /* tableViewSegueTests.swift in Sources */ = {isa = PBXBuildFile; fileRef = 3F9A931719FA5BC4008AACB4 /* tableViewSegueTests.swift */; };
		3F9A932419FA5D5D008AACB4 /* addMemberTableViewController.swift in Sources */ = {isa = PBXBuildFile; fileRef = 3F9A932319FA5D5D008AACB4 /* addMemberTableViewController.swift */; };
/* End PBXBuildFile section */

/* Begin PBXContainerItemProxy section */
		3F9A931219FA5BC4008AACB4 /* PBXContainerItemProxy */ = {
			isa = PBXContainerItemProxy;
			containerPortal = 3F9A92F419FA5BC4008AACB4 /* Project object */;
			proxyType = 1;
			remoteGlobalIDString = 3F9A92FB19FA5BC4008AACB4;
			remoteInfo = tableViewSegue;
		};
/* End PBXContainerItemProxy section */

/* Begin PBXFileReference section */
		3F9A92FC19FA5BC4008AACB4 /* tableViewSegue.app */ = {isa = PBXFileReference; explicitFileType = wrapper.application; includeInIndex = 0; path = tableViewSegue.app; sourceTree = BUILT_PRODUCTS_DIR; };
		3F9A930019FA5BC4008AACB4 /* Info.plist */ = {isa = PBXFileReference; lastKnownFileType = text.plist.xml; path = Info.plist; sourceTree = "<group>"; };
		3F9A930119FA5BC4008AACB4 /* AppDelegate.swift */ = {isa = PBXFileReference; lastKnownFileType = sourcecode.swift; path = AppDelegate.swift; sourceTree = "<group>"; };
		3F9A930319FA5BC4008AACB4 /* ViewController.swift */ = {isa = PBXFileReference; lastKnownFileType = sourcecode.swift; path = ViewController.swift; sourceTree = "<group>"; };
		3F9A930619FA5BC4008AACB4 /* Base */ = {isa = PBXFileReference; lastKnownFileType = file.storyboard; name = Base; path = Base.lproj/Main.storyboard; sourceTree = "<group>"; };
		3F9A930819FA5BC4008AACB4 /* Images.xcassets */ = {isa = PBXFileReference; lastKnownFileType = folder.assetcatalog; path = Images.xcassets; sourceTree = "<group>"; };
		3F9A930B19FA5BC4008AACB4 /* Base */ = {isa = PBXFileReference; lastKnownFileType = file.xib; name = Base; path = Base.lproj/LaunchScreen.xib; sourceTree = "<group>"; };
		3F9A931119FA5BC4008AACB4 /* tableViewSegueTests.xctest */ = {isa = PBXFileReference; explicitFileType = wrapper.cfbundle; includeInIndex = 0; path = tableViewSegueTests.xctest; sourceTree = BUILT_PRODUCTS_DIR; };
		3F9A931619FA5BC4008AACB4 /* Info.plist */ = {isa = PBXFileReference; lastKnownFileType = text.plist.xml; path = Info.plist; sourceTree = "<group>"; };
		3F9A931719FA5BC4008AACB4 /* tableViewSegueTests.swift */ = {isa = PBXFileReference; lastKnownFileType = sourcecode.swift; path = tableViewSegueTests.swift; sourceTree = "<group>"; };
		3F9A932319FA5D5D008AACB4 /* addMemberTableViewController.swift */ = {isa = PBXFileReference; fileEncoding = 4; lastKnownFileType = sourcecode.swift; path = addMemberTableViewController.swift; sourceTree = "<group>"; };
/* End PBXFileReference section */

/* Begin PBXFrameworksBuildPhase section */
		3F9A92F919FA5BC4008AACB4 /* Frameworks */ = {
			isa = PBXFrameworksBuildPhase;
			buildActionMask = 2147483647;
			files = (
			);
			runOnlyForDeploymentPostprocessing = 0;
		};
		3F9A930E19FA5BC4008AACB4 /* Frameworks */ = {
			isa = PBXFrameworksBuildPhase;
			buildActionMask = 2147483647;
			files = (
			);
			runOnlyForDeploymentPostprocessing = 0;
		};
/* End PBXFrameworksBuildPhase section */

/* Begin PBXGroup section */
		3F9A92F319FA5BC4008AACB4 = {
			isa = PBXGroup;
			children = (
				3F9A92FE19FA5BC4008AACB4 /* tableViewSegue */,
				3F9A931419FA5BC4008AACB4 /* tableViewSegueTests */,
				3F9A92FD19FA5BC4008AACB4 /* Products */,
			);
			sourceTree = "<group>";
		};
		3F9A92FD19FA5BC4008AACB4 /* Products */ = {
			isa = PBXGroup;
			children = (
				3F9A92FC19FA5BC4008AACB4 /* tableViewSegue.app */,
				3F9A931119FA5BC4008AACB4 /* tableViewSegueTests.xctest */,
			);
			name = Products;
			sourceTree = "<group>";
		};
		3F9A92FE19FA5BC4008AACB4 /* tableViewSegue */ = {
			isa = PBXGroup;
			children = (
				3F9A930119FA5BC4008AACB4 /* AppDelegate.swift */,
				3F9A930319FA5BC4008AACB4 /* ViewController.swift */,
				3F9A930519FA5BC4008AACB4 /* Main.storyboard */,
				3F9A932319FA5D5D008AACB4 /* addMemberTableViewController.swift */,
				3F9A930819FA5BC4008AACB4 /* Images.xcassets */,
				3F9A930A19FA5BC4008AACB4 /* LaunchScreen.xib */,
				3F9A92FF19FA5BC4008AACB4 /* Supporting Files */,
			);
			path = tableViewSegue;
			sourceTree = "<group>";
		};
		3F9A92FF19FA5BC4008AACB4 /* Supporting Files */ = {
			isa = PBXGroup;
			children = (
				3F9A930019FA5BC4008AACB4 /* Info.plist */,
			);
			name = "Supporting Files";
			sourceTree = "<group>";
		};
		3F9A931419FA5BC4008AACB4 /* tableViewSegueTests */ = {
			isa = PBXGroup;
			children = (
				3F9A931719FA5BC4008AACB4 /* tableViewSegueTests.swift */,
				3F9A931519FA5BC4008AACB4 /* Supporting Files */,
			);
			path = tableViewSegueTests;
			sourceTree = "<group>";
		};
		3F9A931519FA5BC4008AACB4 /* Supporting Files */ = {
			isa = PBXGroup;
			children = (
				3F9A931619FA5BC4008AACB4 /* Info.plist */,
			);
			name = "Supporting Files";
			sourceTree = "<group>";
		};
/* End PBXGroup section */

/* Begin PBXNativeTarget section */
		3F9A92FB19FA5BC4008AACB4 /* tableViewSegue */ = {
			isa = PBXNativeTarget;
			buildConfigurationList = 3F9A931B19FA5BC4008AACB4 /* Build configuration list for PBXNativeTarget "tableViewSegue" */;
			buildPhases = (
				3F9A92F819FA5BC4008AACB4 /* Sources */,
				3F9A92F919FA5BC4008AACB4 /* Frameworks */,
				3F9A92FA19FA5BC4008AACB4 /* Resources */,
			);
			buildRules = (
			);
			dependencies = (
			);
			name = tableViewSegue;
			productName = tableViewSegue;
			productReference = 3F9A92FC19FA5BC4008AACB4 /* tableViewSegue.app */;
			productType = "com.apple.product-type.application";
		};
		3F9A931019FA5BC4008AACB4 /* tableViewSegueTests */ = {
			isa = PBXNativeTarget;
			buildConfigurationList = 3F9A931E19FA5BC4008AACB4 /* Build configuration list for PBXNativeTarget "tableViewSegueTests" */;
			buildPhases = (
				3F9A930D19FA5BC4008AACB4 /* Sources */,
				3F9A930E19FA5BC4008AACB4 /* Frameworks */,
				3F9A930F19FA5BC4008AACB4 /* Resources */,
			);
			buildRules = (
			);
			dependencies = (
				3F9A931319FA5BC4008AACB4 /* PBXTargetDependency */,
			);
			name = tableViewSegueTests;
			productName = tableViewSegueTests;
			productReference = 3F9A931119FA5BC4008AACB4 /* tableViewSegueTests.xctest */;
			productType = "com.apple.product-type.bundle.unit-test";
		};
/* End PBXNativeTarget section */

/* Begin PBXProject section */
		3F9A92F419FA5BC4008AACB4 /* Project object */ = {
			isa = PBXProject;
			attributes = {
				LastUpgradeCheck = 0600;
				ORGANIZATIONNAME = student;
				TargetAttributes = {
					3F9A92FB19FA5BC4008AACB4 = {
						CreatedOnToolsVersion = 6.0;
					};
					3F9A931019FA5BC4008AACB4 = {
						CreatedOnToolsVersion = 6.0;
						TestTargetID = 3F9A92FB19FA5BC4008AACB4;
					};
				};
			};
			buildConfigurationList = 3F9A92F719FA5BC4008AACB4 /* Build configuration list for PBXProject "tableViewSegue" */;
			compatibilityVersion = "Xcode 3.2";
			developmentRegion = English;
			hasScannedForEncodings = 0;
			knownRegions = (
				en,
				Base,
			);
			mainGroup = 3F9A92F319FA5BC4008AACB4;
			productRefGroup = 3F9A92FD19FA5BC4008AACB4 /* Products */;
			projectDirPath = "";
			projectRoot = "";
			targets = (
				3F9A92FB19FA5BC4008AACB4 /* tableViewSegue */,
				3F9A931019FA5BC4008AACB4 /* tableViewSegueTests */,
			);
		};
/* End PBXProject section */

/* Begin PBXResourcesBuildPhase section */
		3F9A92FA19FA5BC4008AACB4 /* Resources */ = {
			isa = PBXResourcesBuildPhase;
			buildActionMask = 2147483647;
			files = (
				3F9A930719FA5BC4008AACB4 /* Main.storyboard in Resources */,
				3F9A930C19FA5BC4008AACB4 /* LaunchScreen.xib in Resources */,
				3F9A930919FA5BC4008AACB4 /* Images.xcassets in Resources */,
			);
			runOnlyForDeploymentPostprocessing = 0;
		};
		3F9A930F19FA5BC4008AACB4 /* Resources */ = {
			isa = PBXResourcesBuildPhase;
			buildActionMask = 2147483647;
			files = (
			);
			runOnlyForDeploymentPostprocessing = 0;
		};
/* End PBXResourcesBuildPhase section */

/* Begin PBXSourcesBuildPhase section */
		3F9A92F819FA5BC4008AACB4 /* Sources */ = {
			isa = PBXSourcesBuildPhase;
			buildActionMask = 2147483647;
			files = (
				3F9A930419FA5BC4008AACB4 /* ViewController.swift in Sources */,
				3F9A932419FA5D5D008AACB4 /* addMemberTableViewController.swift in Sources */,
				3F9A930219FA5BC4008AACB4 /* AppDelegate.swift in Sources */,
			);
			runOnlyForDeploymentPostprocessing = 0;
		};
		3F9A930D19FA5BC4008AACB4 /* Sources */ = {
			isa = PBXSourcesBuildPhase;
			buildActionMask = 2147483647;
			files = (
				3F9A931819FA5BC4008AACB4 /* tableViewSegueTests.swift in Sources */,
			);
			runOnlyForDeploymentPostprocessing = 0;
		};
/* End PBXSourcesBuildPhase section */

/* Begin PBXTargetDependency section */
		3F9A931319FA5BC4008AACB4 /* PBXTargetDependency */ = {
			isa = PBXTargetDependency;
			target = 3F9A92FB19FA5BC4008AACB4 /* tableViewSegue */;
			targetProxy = 3F9A931219FA5BC4008AACB4 /* PBXContainerItemProxy */;
		};
/* End PBXTargetDependency section */

/* Begin PBXVariantGroup section */
		3F9A930519FA5BC4008AACB4 /* Main.storyboard */ = {
			isa = PBXVariantGroup;
			children = (
				3F9A930619FA5BC4008AACB4 /* Base */,
			);
			name = Main.storyboard;
			sourceTree = "<group>";
		};
		3F9A930A19FA5BC4008AACB4 /* LaunchScreen.xib */ = {
			isa = PBXVariantGroup;
			children = (
				3F9A930B19FA5BC4008AACB4 /* Base */,
			);
			name = LaunchScreen.xib;
			sourceTree = "<group>";
		};
/* End PBXVariantGroup section */

/* Begin XCBuildConfiguration section */
		3F9A931919FA5BC4008AACB4 /* Debug */ = {
			isa = XCBuildConfiguration;
			buildSettings = {
				ALWAYS_SEARCH_USER_PATHS = NO;
				CLANG_CXX_LANGUAGE_STANDARD = "gnu++0x";
				CLANG_CXX_LIBRARY = "libc++";
				CLANG_ENABLE_MODULES = YES;
				CLANG_ENABLE_OBJC_ARC = YES;
				CLANG_WARN_BOOL_CONVERSION = YES;
				CLANG_WARN_CONSTANT_CONVERSION = YES;
				CLANG_WARN_DIRECT_OBJC_ISA_USAGE = YES_ERROR;
				CLANG_WARN_EMPTY_BODY = YES;
				CLANG_WARN_ENUM_CONVERSION = YES;
				CLANG_WARN_INT_CONVERSION = YES;
				CLANG_WARN_OBJC_ROOT_CLASS = YES_ERROR;
				CLANG_WARN_UNREACHABLE_CODE = YES;
				CLANG_WARN__DUPLICATE_METHOD_MATCH = YES;
				"CODE_SIGN_IDENTITY[sdk=iphoneos*]" = "iPhone Developer";
				COPY_PHASE_STRIP = NO;
				ENABLE_STRICT_OBJC_MSGSEND = YES;
				GCC_C_LANGUAGE_STANDARD = gnu99;
				GCC_DYNAMIC_NO_PIC = NO;
				GCC_OPTIMIZATION_LEVEL = 0;
				GCC_PREPROCESSOR_DEFINITIONS = (
					"DEBUG=1",
					"$(inherited)",
				);
				GCC_SYMBOLS_PRIVATE_EXTERN = NO;
				GCC_WARN_64_TO_32_BIT_CONVERSION = YES;
				GCC_WARN_ABOUT_RETURN_TYPE = YES_ERROR;
				GCC_WARN_UNDECLARED_SELECTOR = YES;
				GCC_WARN_UNINITIALIZED_AUTOS = YES_AGGRESSIVE;
				GCC_WARN_UNUSED_FUNCTION = YES;
				GCC_WARN_UNUSED_VARIABLE = YES;
				IPHONEOS_DEPLOYMENT_TARGET = 8.0;
				MTL_ENABLE_DEBUG_INFO = YES;
				ONLY_ACTIVE_ARCH = YES;
				SDKROOT = iphoneos;
				SWIFT_OPTIMIZATION_LEVEL = "-Onone";
			};
			name = Debug;
		};
		3F9A931A19FA5BC4008AACB4 /* Release */ = {
			isa = XCBuildConfiguration;
			buildSettings = {
				ALWAYS_SEARCH_USER_PATHS = NO;
				CLANG_CXX_LANGUAGE_STANDARD = "gnu++0x";
				CLANG_CXX_LIBRARY = "libc++";
				CLANG_ENABLE_MODULES = YES;
				CLANG_ENABLE_OBJC_ARC = YES;
				CLANG_WARN_BOOL_CONVERSION = YES;
				CLANG_WARN_CONSTANT_CONVERSION = YES;
				CLANG_WARN_DIRECT_OBJC_ISA_USAGE = YES_ERROR;
				CLANG_WARN_EMPTY_BODY = YES;
				CLANG_WARN_ENUM_CONVERSION = YES;
				CLANG_WARN_INT_CONVERSION = YES;
				CLANG_WARN_OBJC_ROOT_CLASS = YES_ERROR;
				CLANG_WARN_UNREACHABLE_CODE = YES;
				CLANG_WARN__DUPLICATE_METHOD_MATCH = YES;
				"CODE_SIGN_IDENTITY[sdk=iphoneos*]" = "iPhone Developer";
				COPY_PHASE_STRIP = YES;
				ENABLE_NS_ASSERTIONS = NO;
				ENABLE_STRICT_OBJC_MSGSEND = YES;
				GCC_C_LANGUAGE_STANDARD = gnu99;
				GCC_WARN_64_TO_32_BIT_CONVERSION = YES;
				GCC_WARN_ABOUT_RETURN_TYPE = YES_ERROR;
				GCC_WARN_UNDECLARED_SELECTOR = YES;
				GCC_WARN_UNINITIALIZED_AUTOS = YES_AGGRESSIVE;
				GCC_WARN_UNUSED_FUNCTION = YES;
				GCC_WARN_UNUSED_VARIABLE = YES;
				IPHONEOS_DEPLOYMENT_TARGET = 8.0;
				MTL_ENABLE_DEBUG_INFO = NO;
				SDKROOT = iphoneos;
				VALIDATE_PRODUCT = YES;
			};
			name = Release;
		};
		3F9A931C19FA5BC4008AACB4 /* Debug */ = {
			isa = XCBuildConfiguration;
			buildSettings = {
				ASSETCATALOG_COMPILER_APPICON_NAME = AppIcon;
				INFOPLIST_FILE = tableViewSegue/Info.plist;
				LD_RUNPATH_SEARCH_PATHS = "$(inherited) @executable_path/Frameworks";
				PRODUCT_NAME = "$(TARGET_NAME)";
			};
			name = Debug;
		};
		3F9A931D19FA5BC4008AACB4 /* Release */ = {
			isa = XCBuildConfiguration;
			buildSettings = {
				ASSETCATALOG_COMPILER_APPICON_NAME = AppIcon;
				INFOPLIST_FILE = tableViewSegue/Info.plist;
				LD_RUNPATH_SEARCH_PATHS = "$(inherited) @executable_path/Frameworks";
				PRODUCT_NAME = "$(TARGET_NAME)";
			};
			name = Release;
		};
		3F9A931F19FA5BC4008AACB4 /* Debug */ = {
			isa = XCBuildConfiguration;
			buildSettings = {
				BUNDLE_LOADER = "$(TEST_HOST)";
				FRAMEWORK_SEARCH_PATHS = (
					"$(SDKROOT)/Developer/Library/Frameworks",
					"$(inherited)",
				);
				GCC_PREPROCESSOR_DEFINITIONS = (
					"DEBUG=1",
					"$(inherited)",
				);
				INFOPLIST_FILE = tableViewSegueTests/Info.plist;
				LD_RUNPATH_SEARCH_PATHS = "$(inherited) @executable_path/Frameworks @loader_path/Frameworks";
				PRODUCT_NAME = "$(TARGET_NAME)";
				TEST_HOST = "$(BUILT_PRODUCTS_DIR)/tableViewSegue.app/tableViewSegue";
			};
			name = Debug;
		};
		3F9A932019FA5BC4008AACB4 /* Release */ = {
			isa = XCBuildConfiguration;
			buildSettings = {
				BUNDLE_LOADER = "$(TEST_HOST)";
				FRAMEWORK_SEARCH_PATHS = (
					"$(SDKROOT)/Developer/Library/Frameworks",
					"$(inherited)",
				);
				INFOPLIST_FILE = tableViewSegueTests/Info.plist;
				LD_RUNPATH_SEARCH_PATHS = "$(inherited) @executable_path/Frameworks @loader_path/Frameworks";
				PRODUCT_NAME = "$(TARGET_NAME)";
				TEST_HOST = "$(BUILT_PRODUCTS_DIR)/tableViewSegue.app/tableViewSegue";
			};
			name = Release;
		};
/* End XCBuildConfiguration section */

/* Begin XCConfigurationList section */
		3F9A92F719FA5BC4008AACB4 /* Build configuration list for PBXProject "tableViewSegue" */ = {
			isa = XCConfigurationList;
			buildConfigurations = (
				3F9A931919FA5BC4008AACB4 /* Debug */,
				3F9A931A19FA5BC4008AACB4 /* Release */,
			);
			defaultConfigurationIsVisible = 0;
			defaultConfigurationName = Release;
		};
		3F9A931B19FA5BC4008AACB4 /* Build configuration list for PBXNativeTarget "tableViewSegue" */ = {
			isa = XCConfigurationList;
			buildConfigurations = (
				3F9A931C19FA5BC4008AACB4 /* Debug */,
				3F9A931D19FA5BC4008AACB4 /* Release */,
			);
			defaultConfigurationIsVisible = 0;
		};
		3F9A931E19FA5BC4008AACB4 /* Build configuration list for PBXNativeTarget "tableViewSegueTests" */ = {
			isa = XCConfigurationList;
			buildConfigurations = (
				3F9A931F19FA5BC4008AACB4 /* Debug */,
				3F9A932019FA5BC4008AACB4 /* Release */,
			);
			defaultConfigurationIsVisible = 0;
		};
/* End XCConfigurationList section */
	};
	rootObject = 3F9A92F419FA5BC4008AACB4 /* Project object */;
}
