// !$*UTF8*$!
{
	archiveVersion = 1;
	classes = {
	};
	objectVersion = 46;
	objects = {

/* Begin PBXBuildFile section */
		3F1E10A019DE7AB70003DEEB /* AppDelegate.swift in Sources */ = {isa = PBXBuildFile; fileRef = 3F1E109F19DE7AB70003DEEB /* AppDelegate.swift */; };
		3F1E10A219DE7AB70003DEEB /* ViewController.swift in Sources */ = {isa = PBXBuildFile; fileRef = 3F1E10A119DE7AB70003DEEB /* ViewController.swift */; };
		3F1E10A519DE7AB70003DEEB /* Main.storyboard in Resources */ = {isa = PBXBuildFile; fileRef = 3F1E10A319DE7AB70003DEEB /* Main.storyboard */; };
		3F1E10A719DE7AB70003DEEB /* Images.xcassets in Resources */ = {isa = PBXBuildFile; fileRef = 3F1E10A619DE7AB70003DEEB /* Images.xcassets */; };
		3F1E10AA19DE7AB70003DEEB /* LaunchScreen.xib in Resources */ = {isa = PBXBuildFile; fileRef = 3F1E10A819DE7AB70003DEEB /* LaunchScreen.xib */; };
		3F1E10B619DE7AB70003DEEB /* lab4_imageViewTests.swift in Sources */ = {isa = PBXBuildFile; fileRef = 3F1E10B519DE7AB70003DEEB /* lab4_imageViewTests.swift */; };
		3F1E10C319DE95030003DEEB /* 01.jpg in Resources */ = {isa = PBXBuildFile; fileRef = 3F1E10BF19DE95030003DEEB /* 01.jpg */; };
		3F1E10CA19DE9D800003DEEB /* 02.jpg in Resources */ = {isa = PBXBuildFile; fileRef = 3F1E10C719DE9D800003DEEB /* 02.jpg */; };
		3F1E10CB19DE9D800003DEEB /* 03.jpg in Resources */ = {isa = PBXBuildFile; fileRef = 3F1E10C819DE9D800003DEEB /* 03.jpg */; };
		3F1E10CC19DE9D800003DEEB /* 04.jpg in Resources */ = {isa = PBXBuildFile; fileRef = 3F1E10C919DE9D800003DEEB /* 04.jpg */; };
/* End PBXBuildFile section */

/* Begin PBXContainerItemProxy section */
		3F1E10B019DE7AB70003DEEB /* PBXContainerItemProxy */ = {
			isa = PBXContainerItemProxy;
			containerPortal = 3F1E109219DE7AB70003DEEB /* Project object */;
			proxyType = 1;
			remoteGlobalIDString = 3F1E109919DE7AB70003DEEB;
			remoteInfo = lab4_imageView;
		};
/* End PBXContainerItemProxy section */

/* Begin PBXFileReference section */
		3F1E109A19DE7AB70003DEEB /* lab4_imageView.app */ = {isa = PBXFileReference; explicitFileType = wrapper.application; includeInIndex = 0; path = lab4_imageView.app; sourceTree = BUILT_PRODUCTS_DIR; };
		3F1E109E19DE7AB70003DEEB /* Info.plist */ = {isa = PBXFileReference; lastKnownFileType = text.plist.xml; path = Info.plist; sourceTree = "<group>"; };
		3F1E109F19DE7AB70003DEEB /* AppDelegate.swift */ = {isa = PBXFileReference; lastKnownFileType = sourcecode.swift; path = AppDelegate.swift; sourceTree = "<group>"; };
		3F1E10A119DE7AB70003DEEB /* ViewController.swift */ = {isa = PBXFileReference; lastKnownFileType = sourcecode.swift; path = ViewController.swift; sourceTree = "<group>"; };
		3F1E10A419DE7AB70003DEEB /* Base */ = {isa = PBXFileReference; lastKnownFileType = file.storyboard; name = Base; path = Base.lproj/Main.storyboard; sourceTree = "<group>"; };
		3F1E10A619DE7AB70003DEEB /* Images.xcassets */ = {isa = PBXFileReference; lastKnownFileType = folder.assetcatalog; path = Images.xcassets; sourceTree = "<group>"; };
		3F1E10A919DE7AB70003DEEB /* Base */ = {isa = PBXFileReference; lastKnownFileType = file.xib; name = Base; path = Base.lproj/LaunchScreen.xib; sourceTree = "<group>"; };
		3F1E10AF19DE7AB70003DEEB /* lab4_imageViewTests.xctest */ = {isa = PBXFileReference; explicitFileType = wrapper.cfbundle; includeInIndex = 0; path = lab4_imageViewTests.xctest; sourceTree = BUILT_PRODUCTS_DIR; };
		3F1E10B419DE7AB70003DEEB /* Info.plist */ = {isa = PBXFileReference; lastKnownFileType = text.plist.xml; path = Info.plist; sourceTree = "<group>"; };
		3F1E10B519DE7AB70003DEEB /* lab4_imageViewTests.swift */ = {isa = PBXFileReference; lastKnownFileType = sourcecode.swift; path = lab4_imageViewTests.swift; sourceTree = "<group>"; };
		3F1E10BF19DE95030003DEEB /* 01.jpg */ = {isa = PBXFileReference; lastKnownFileType = image.jpeg; path = 01.jpg; sourceTree = "<group>"; };
		3F1E10C719DE9D800003DEEB /* 02.jpg */ = {isa = PBXFileReference; lastKnownFileType = image.jpeg; path = 02.jpg; sourceTree = "<group>"; };
		3F1E10C819DE9D800003DEEB /* 03.jpg */ = {isa = PBXFileReference; lastKnownFileType = image.jpeg; path = 03.jpg; sourceTree = "<group>"; };
		3F1E10C919DE9D800003DEEB /* 04.jpg */ = {isa = PBXFileReference; lastKnownFileType = image.jpeg; path = 04.jpg; sourceTree = "<group>"; };
/* End PBXFileReference section */

/* Begin PBXFrameworksBuildPhase section */
		3F1E109719DE7AB70003DEEB /* Frameworks */ = {
			isa = PBXFrameworksBuildPhase;
			buildActionMask = 2147483647;
			files = (
			);
			runOnlyForDeploymentPostprocessing = 0;
		};
		3F1E10AC19DE7AB70003DEEB /* Frameworks */ = {
			isa = PBXFrameworksBuildPhase;
			buildActionMask = 2147483647;
			files = (
			);
			runOnlyForDeploymentPostprocessing = 0;
		};
/* End PBXFrameworksBuildPhase section */

/* Begin PBXGroup section */
		3F1E109119DE7AB70003DEEB = {
			isa = PBXGroup;
			children = (
				3F1E109C19DE7AB70003DEEB /* lab4_imageView */,
				3F1E10B219DE7AB70003DEEB /* lab4_imageViewTests */,
				3F1E109B19DE7AB70003DEEB /* Products */,
			);
			sourceTree = "<group>";
		};
		3F1E109B19DE7AB70003DEEB /* Products */ = {
			isa = PBXGroup;
			children = (
				3F1E109A19DE7AB70003DEEB /* lab4_imageView.app */,
				3F1E10AF19DE7AB70003DEEB /* lab4_imageViewTests.xctest */,
			);
			name = Products;
			sourceTree = "<group>";
		};
		3F1E109C19DE7AB70003DEEB /* lab4_imageView */ = {
			isa = PBXGroup;
			children = (
				3F1E109F19DE7AB70003DEEB /* AppDelegate.swift */,
				3F1E10A119DE7AB70003DEEB /* ViewController.swift */,
				3F1E10A319DE7AB70003DEEB /* Main.storyboard */,
				3F1E10A619DE7AB70003DEEB /* Images.xcassets */,
				3F1E10A819DE7AB70003DEEB /* LaunchScreen.xib */,
				3F1E109D19DE7AB70003DEEB /* Supporting Files */,
			);
			path = lab4_imageView;
			sourceTree = "<group>";
		};
		3F1E109D19DE7AB70003DEEB /* Supporting Files */ = {
			isa = PBXGroup;
			children = (
				3F1E10C719DE9D800003DEEB /* 02.jpg */,
				3F1E10C819DE9D800003DEEB /* 03.jpg */,
				3F1E10C919DE9D800003DEEB /* 04.jpg */,
				3F1E10BF19DE95030003DEEB /* 01.jpg */,
				3F1E109E19DE7AB70003DEEB /* Info.plist */,
			);
			name = "Supporting Files";
			sourceTree = "<group>";
		};
		3F1E10B219DE7AB70003DEEB /* lab4_imageViewTests */ = {
			isa = PBXGroup;
			children = (
				3F1E10B519DE7AB70003DEEB /* lab4_imageViewTests.swift */,
				3F1E10B319DE7AB70003DEEB /* Supporting Files */,
			);
			path = lab4_imageViewTests;
			sourceTree = "<group>";
		};
		3F1E10B319DE7AB70003DEEB /* Supporting Files */ = {
			isa = PBXGroup;
			children = (
				3F1E10B419DE7AB70003DEEB /* Info.plist */,
			);
			name = "Supporting Files";
			sourceTree = "<group>";
		};
/* End PBXGroup section */

/* Begin PBXNativeTarget section */
		3F1E109919DE7AB70003DEEB /* lab4_imageView */ = {
			isa = PBXNativeTarget;
			buildConfigurationList = 3F1E10B919DE7AB70003DEEB /* Build configuration list for PBXNativeTarget "lab4_imageView" */;
			buildPhases = (
				3F1E109619DE7AB70003DEEB /* Sources */,
				3F1E109719DE7AB70003DEEB /* Frameworks */,
				3F1E109819DE7AB70003DEEB /* Resources */,
			);
			buildRules = (
			);
			dependencies = (
			);
			name = lab4_imageView;
			productName = lab4_imageView;
			productReference = 3F1E109A19DE7AB70003DEEB /* lab4_imageView.app */;
			productType = "com.apple.product-type.application";
		};
		3F1E10AE19DE7AB70003DEEB /* lab4_imageViewTests */ = {
			isa = PBXNativeTarget;
			buildConfigurationList = 3F1E10BC19DE7AB70003DEEB /* Build configuration list for PBXNativeTarget "lab4_imageViewTests" */;
			buildPhases = (
				3F1E10AB19DE7AB70003DEEB /* Sources */,
				3F1E10AC19DE7AB70003DEEB /* Frameworks */,
				3F1E10AD19DE7AB70003DEEB /* Resources */,
			);
			buildRules = (
			);
			dependencies = (
				3F1E10B119DE7AB70003DEEB /* PBXTargetDependency */,
			);
			name = lab4_imageViewTests;
			productName = lab4_imageViewTests;
			productReference = 3F1E10AF19DE7AB70003DEEB /* lab4_imageViewTests.xctest */;
			productType = "com.apple.product-type.bundle.unit-test";
		};
/* End PBXNativeTarget section */

/* Begin PBXProject section */
		3F1E109219DE7AB70003DEEB /* Project object */ = {
			isa = PBXProject;
			attributes = {
				LastUpgradeCheck = 0600;
				ORGANIZATIONNAME = student;
				TargetAttributes = {
					3F1E109919DE7AB70003DEEB = {
						CreatedOnToolsVersion = 6.0;
					};
					3F1E10AE19DE7AB70003DEEB = {
						CreatedOnToolsVersion = 6.0;
						TestTargetID = 3F1E109919DE7AB70003DEEB;
					};
				};
			};
			buildConfigurationList = 3F1E109519DE7AB70003DEEB /* Build configuration list for PBXProject "lab4_imageView" */;
			compatibilityVersion = "Xcode 3.2";
			developmentRegion = English;
			hasScannedForEncodings = 0;
			knownRegions = (
				en,
				Base,
			);
			mainGroup = 3F1E109119DE7AB70003DEEB;
			productRefGroup = 3F1E109B19DE7AB70003DEEB /* Products */;
			projectDirPath = "";
			projectRoot = "";
			targets = (
				3F1E109919DE7AB70003DEEB /* lab4_imageView */,
				3F1E10AE19DE7AB70003DEEB /* lab4_imageViewTests */,
			);
		};
/* End PBXProject section */

/* Begin PBXResourcesBuildPhase section */
		3F1E109819DE7AB70003DEEB /* Resources */ = {
			isa = PBXResourcesBuildPhase;
			buildActionMask = 2147483647;
			files = (
				3F1E10CB19DE9D800003DEEB /* 03.jpg in Resources */,
				3F1E10CA19DE9D800003DEEB /* 02.jpg in Resources */,
				3F1E10A519DE7AB70003DEEB /* Main.storyboard in Resources */,
				3F1E10AA19DE7AB70003DEEB /* LaunchScreen.xib in Resources */,
				3F1E10CC19DE9D800003DEEB /* 04.jpg in Resources */,
				3F1E10C319DE95030003DEEB /* 01.jpg in Resources */,
				3F1E10A719DE7AB70003DEEB /* Images.xcassets in Resources */,
			);
			runOnlyForDeploymentPostprocessing = 0;
		};
		3F1E10AD19DE7AB70003DEEB /* Resources */ = {
			isa = PBXResourcesBuildPhase;
			buildActionMask = 2147483647;
			files = (
			);
			runOnlyForDeploymentPostprocessing = 0;
		};
/* End PBXResourcesBuildPhase section */

/* Begin PBXSourcesBuildPhase section */
		3F1E109619DE7AB70003DEEB /* Sources */ = {
			isa = PBXSourcesBuildPhase;
			buildActionMask = 2147483647;
			files = (
				3F1E10A219DE7AB70003DEEB /* ViewController.swift in Sources */,
				3F1E10A019DE7AB70003DEEB /* AppDelegate.swift in Sources */,
			);
			runOnlyForDeploymentPostprocessing = 0;
		};
		3F1E10AB19DE7AB70003DEEB /* Sources */ = {
			isa = PBXSourcesBuildPhase;
			buildActionMask = 2147483647;
			files = (
				3F1E10B619DE7AB70003DEEB /* lab4_imageViewTests.swift in Sources */,
			);
			runOnlyForDeploymentPostprocessing = 0;
		};
/* End PBXSourcesBuildPhase section */

/* Begin PBXTargetDependency section */
		3F1E10B119DE7AB70003DEEB /* PBXTargetDependency */ = {
			isa = PBXTargetDependency;
			target = 3F1E109919DE7AB70003DEEB /* lab4_imageView */;
			targetProxy = 3F1E10B019DE7AB70003DEEB /* PBXContainerItemProxy */;
		};
/* End PBXTargetDependency section */

/* Begin PBXVariantGroup section */
		3F1E10A319DE7AB70003DEEB /* Main.storyboard */ = {
			isa = PBXVariantGroup;
			children = (
				3F1E10A419DE7AB70003DEEB /* Base */,
			);
			name = Main.storyboard;
			sourceTree = "<group>";
		};
		3F1E10A819DE7AB70003DEEB /* LaunchScreen.xib */ = {
			isa = PBXVariantGroup;
			children = (
				3F1E10A919DE7AB70003DEEB /* Base */,
			);
			name = LaunchScreen.xib;
			sourceTree = "<group>";
		};
/* End PBXVariantGroup section */

/* Begin XCBuildConfiguration section */
		3F1E10B719DE7AB70003DEEB /* Debug */ = {
			isa = XCBuildConfiguration;
			buildSettings = {
				ALWAYS_SEARCH_USER_PATHS = NO;
				CLANG_CXX_LANGUAGE_STANDARD = "gnu++0x";
				CLANG_CXX_LIBRARY = "libc++";
				CLANG_ENABLE_MODULES = YES;
				CLANG_ENABLE_OBJC_ARC = YES;
				CLANG_WARN_BOOL_CONVERSION = YES;
				CLANG_WARN_CONSTANT_CONVERSION = YES;
				CLANG_WARN_DIRECT_OBJC_ISA_USAGE = YES_ERROR;
				CLANG_WARN_EMPTY_BODY = YES;
				CLANG_WARN_ENUM_CONVERSION = YES;
				CLANG_WARN_INT_CONVERSION = YES;
				CLANG_WARN_OBJC_ROOT_CLASS = YES_ERROR;
				CLANG_WARN_UNREACHABLE_CODE = YES;
				CLANG_WARN__DUPLICATE_METHOD_MATCH = YES;
				"CODE_SIGN_IDENTITY[sdk=iphoneos*]" = "iPhone Developer";
				COPY_PHASE_STRIP = NO;
				ENABLE_STRICT_OBJC_MSGSEND = YES;
				GCC_C_LANGUAGE_STANDARD = gnu99;
				GCC_DYNAMIC_NO_PIC = NO;
				GCC_OPTIMIZATION_LEVEL = 0;
				GCC_PREPROCESSOR_DEFINITIONS = (
					"DEBUG=1",
					"$(inherited)",
				);
				GCC_SYMBOLS_PRIVATE_EXTERN = NO;
				GCC_WARN_64_TO_32_BIT_CONVERSION = YES;
				GCC_WARN_ABOUT_RETURN_TYPE = YES_ERROR;
				GCC_WARN_UNDECLARED_SELECTOR = YES;
				GCC_WARN_UNINITIALIZED_AUTOS = YES_AGGRESSIVE;
				GCC_WARN_UNUSED_FUNCTION = YES;
				GCC_WARN_UNUSED_VARIABLE = YES;
				IPHONEOS_DEPLOYMENT_TARGET = 8.0;
				MTL_ENABLE_DEBUG_INFO = YES;
				ONLY_ACTIVE_ARCH = YES;
				SDKROOT = iphoneos;
				SWIFT_OPTIMIZATION_LEVEL = "-Onone";
			};
			name = Debug;
		};
		3F1E10B819DE7AB70003DEEB /* Release */ = {
			isa = XCBuildConfiguration;
			buildSettings = {
				ALWAYS_SEARCH_USER_PATHS = NO;
				CLANG_CXX_LANGUAGE_STANDARD = "gnu++0x";
				CLANG_CXX_LIBRARY = "libc++";
				CLANG_ENABLE_MODULES = YES;
				CLANG_ENABLE_OBJC_ARC = YES;
				CLANG_WARN_BOOL_CONVERSION = YES;
				CLANG_WARN_CONSTANT_CONVERSION = YES;
				CLANG_WARN_DIRECT_OBJC_ISA_USAGE = YES_ERROR;
				CLANG_WARN_EMPTY_BODY = YES;
				CLANG_WARN_ENUM_CONVERSION = YES;
				CLANG_WARN_INT_CONVERSION = YES;
				CLANG_WARN_OBJC_ROOT_CLASS = YES_ERROR;
				CLANG_WARN_UNREACHABLE_CODE = YES;
				CLANG_WARN__DUPLICATE_METHOD_MATCH = YES;
				"CODE_SIGN_IDENTITY[sdk=iphoneos*]" = "iPhone Developer";
				COPY_PHASE_STRIP = YES;
				ENABLE_NS_ASSERTIONS = NO;
				ENABLE_STRICT_OBJC_MSGSEND = YES;
				GCC_C_LANGUAGE_STANDARD = gnu99;
				GCC_WARN_64_TO_32_BIT_CONVERSION = YES;
				GCC_WARN_ABOUT_RETURN_TYPE = YES_ERROR;
				GCC_WARN_UNDECLARED_SELECTOR = YES;
				GCC_WARN_UNINITIALIZED_AUTOS = YES_AGGRESSIVE;
				GCC_WARN_UNUSED_FUNCTION = YES;
				GCC_WARN_UNUSED_VARIABLE = YES;
				IPHONEOS_DEPLOYMENT_TARGET = 8.0;
				MTL_ENABLE_DEBUG_INFO = NO;
				SDKROOT = iphoneos;
				VALIDATE_PRODUCT = YES;
			};
			name = Release;
		};
		3F1E10BA19DE7AB70003DEEB /* Debug */ = {
			isa = XCBuildConfiguration;
			buildSettings = {
				ASSETCATALOG_COMPILER_APPICON_NAME = AppIcon;
				INFOPLIST_FILE = lab4_imageView/Info.plist;
				LD_RUNPATH_SEARCH_PATHS = "$(inherited) @executable_path/Frameworks";
				PRODUCT_NAME = "$(TARGET_NAME)";
			};
			name = Debug;
		};
		3F1E10BB19DE7AB70003DEEB /* Release */ = {
			isa = XCBuildConfiguration;
			buildSettings = {
				ASSETCATALOG_COMPILER_APPICON_NAME = AppIcon;
				INFOPLIST_FILE = lab4_imageView/Info.plist;
				LD_RUNPATH_SEARCH_PATHS = "$(inherited) @executable_path/Frameworks";
				PRODUCT_NAME = "$(TARGET_NAME)";
			};
			name = Release;
		};
		3F1E10BD19DE7AB70003DEEB /* Debug */ = {
			isa = XCBuildConfiguration;
			buildSettings = {
				BUNDLE_LOADER = "$(TEST_HOST)";
				FRAMEWORK_SEARCH_PATHS = (
					"$(SDKROOT)/Developer/Library/Frameworks",
					"$(inherited)",
				);
				GCC_PREPROCESSOR_DEFINITIONS = (
					"DEBUG=1",
					"$(inherited)",
				);
				INFOPLIST_FILE = lab4_imageViewTests/Info.plist;
				LD_RUNPATH_SEARCH_PATHS = "$(inherited) @executable_path/Frameworks @loader_path/Frameworks";
				PRODUCT_NAME = "$(TARGET_NAME)";
				TEST_HOST = "$(BUILT_PRODUCTS_DIR)/lab4_imageView.app/lab4_imageView";
			};
			name = Debug;
		};
		3F1E10BE19DE7AB70003DEEB /* Release */ = {
			isa = XCBuildConfiguration;
			buildSettings = {
				BUNDLE_LOADER = "$(TEST_HOST)";
				FRAMEWORK_SEARCH_PATHS = (
					"$(SDKROOT)/Developer/Library/Frameworks",
					"$(inherited)",
				);
				INFOPLIST_FILE = lab4_imageViewTests/Info.plist;
				LD_RUNPATH_SEARCH_PATHS = "$(inherited) @executable_path/Frameworks @loader_path/Frameworks";
				PRODUCT_NAME = "$(TARGET_NAME)";
				TEST_HOST = "$(BUILT_PRODUCTS_DIR)/lab4_imageView.app/lab4_imageView";
			};
			name = Release;
		};
/* End XCBuildConfiguration section */

/* Begin XCConfigurationList section */
		3F1E109519DE7AB70003DEEB /* Build configuration list for PBXProject "lab4_imageView" */ = {
			isa = XCConfigurationList;
			buildConfigurations = (
				3F1E10B719DE7AB70003DEEB /* Debug */,
				3F1E10B819DE7AB70003DEEB /* Release */,
			);
			defaultConfigurationIsVisible = 0;
			defaultConfigurationName = Release;
		};
		3F1E10B919DE7AB70003DEEB /* Build configuration list for PBXNativeTarget "lab4_imageView" */ = {
			isa = XCConfigurationList;
			buildConfigurations = (
				3F1E10BA19DE7AB70003DEEB /* Debug */,
				3F1E10BB19DE7AB70003DEEB /* Release */,
			);
			defaultConfigurationIsVisible = 0;
			defaultConfigurationName = Release;
		};
		3F1E10BC19DE7AB70003DEEB /* Build configuration list for PBXNativeTarget "lab4_imageViewTests" */ = {
			isa = XCConfigurationList;
			buildConfigurations = (
				3F1E10BD19DE7AB70003DEEB /* Debug */,
				3F1E10BE19DE7AB70003DEEB /* Release */,
			);
			defaultConfigurationIsVisible = 0;
			defaultConfigurationName = Release;
		};
/* End XCConfigurationList section */
	};
	rootObject = 3F1E109219DE7AB70003DEEB /* Project object */;
}
