// !$*UTF8*$!
{
	archiveVersion = 1;
	classes = {
	};
	objectVersion = 46;
	objects = {

/* Begin PBXBuildFile section */
		3F0AB7EA19C2C82A00317504 /* AppDelegate.swift in Sources */ = {isa = PBXBuildFile; fileRef = 3F0AB7E919C2C82A00317504 /* AppDelegate.swift */; };
		3F0AB7EC19C2C82A00317504 /* ViewController.swift in Sources */ = {isa = PBXBuildFile; fileRef = 3F0AB7EB19C2C82A00317504 /* ViewController.swift */; };
		3F0AB7EF19C2C82A00317504 /* Main.storyboard in Resources */ = {isa = PBXBuildFile; fileRef = 3F0AB7ED19C2C82A00317504 /* Main.storyboard */; };
		3F0AB7F119C2C82A00317504 /* Images.xcassets in Resources */ = {isa = PBXBuildFile; fileRef = 3F0AB7F019C2C82A00317504 /* Images.xcassets */; };
		3F0AB7FD19C2C82A00317504 /* tipCalculatorTests.swift in Sources */ = {isa = PBXBuildFile; fileRef = 3F0AB7FC19C2C82A00317504 /* tipCalculatorTests.swift */; };
		3F0AB80719C2C87800317504 /* tipCalculatorModel.swift in Sources */ = {isa = PBXBuildFile; fileRef = 3F0AB80619C2C87800317504 /* tipCalculatorModel.swift */; };
/* End PBXBuildFile section */

/* Begin PBXContainerItemProxy section */
		3F0AB7F719C2C82A00317504 /* PBXContainerItemProxy */ = {
			isa = PBXContainerItemProxy;
			containerPortal = 3F0AB7DC19C2C82A00317504 /* Project object */;
			proxyType = 1;
			remoteGlobalIDString = 3F0AB7E319C2C82A00317504;
			remoteInfo = tipCalculator;
		};
/* End PBXContainerItemProxy section */

/* Begin PBXFileReference section */
		3F0AB7E419C2C82A00317504 /* tipCalculator.app */ = {isa = PBXFileReference; explicitFileType = wrapper.application; includeInIndex = 0; path = tipCalculator.app; sourceTree = BUILT_PRODUCTS_DIR; };
		3F0AB7E819C2C82A00317504 /* Info.plist */ = {isa = PBXFileReference; lastKnownFileType = text.plist.xml; path = Info.plist; sourceTree = "<group>"; };
		3F0AB7E919C2C82A00317504 /* AppDelegate.swift */ = {isa = PBXFileReference; lastKnownFileType = sourcecode.swift; path = AppDelegate.swift; sourceTree = "<group>"; };
		3F0AB7EB19C2C82A00317504 /* ViewController.swift */ = {isa = PBXFileReference; lastKnownFileType = sourcecode.swift; path = ViewController.swift; sourceTree = "<group>"; };
		3F0AB7EE19C2C82A00317504 /* Base */ = {isa = PBXFileReference; lastKnownFileType = file.storyboard; name = Base; path = Base.lproj/Main.storyboard; sourceTree = "<group>"; };
		3F0AB7F019C2C82A00317504 /* Images.xcassets */ = {isa = PBXFileReference; lastKnownFileType = folder.assetcatalog; path = Images.xcassets; sourceTree = "<group>"; };
		3F0AB7F619C2C82A00317504 /* tipCalculatorTests.xctest */ = {isa = PBXFileReference; explicitFileType = wrapper.cfbundle; includeInIndex = 0; path = tipCalculatorTests.xctest; sourceTree = BUILT_PRODUCTS_DIR; };
		3F0AB7FB19C2C82A00317504 /* Info.plist */ = {isa = PBXFileReference; lastKnownFileType = text.plist.xml; path = Info.plist; sourceTree = "<group>"; };
		3F0AB7FC19C2C82A00317504 /* tipCalculatorTests.swift */ = {isa = PBXFileReference; lastKnownFileType = sourcecode.swift; path = tipCalculatorTests.swift; sourceTree = "<group>"; };
		3F0AB80619C2C87800317504 /* tipCalculatorModel.swift */ = {isa = PBXFileReference; fileEncoding = 4; lastKnownFileType = sourcecode.swift; path = tipCalculatorModel.swift; sourceTree = SOURCE_ROOT; };
/* End PBXFileReference section */

/* Begin PBXFrameworksBuildPhase section */
		3F0AB7E119C2C82A00317504 /* Frameworks */ = {
			isa = PBXFrameworksBuildPhase;
			buildActionMask = 2147483647;
			files = (
			);
			runOnlyForDeploymentPostprocessing = 0;
		};
		3F0AB7F319C2C82A00317504 /* Frameworks */ = {
			isa = PBXFrameworksBuildPhase;
			buildActionMask = 2147483647;
			files = (
			);
			runOnlyForDeploymentPostprocessing = 0;
		};
/* End PBXFrameworksBuildPhase section */

/* Begin PBXGroup section */
		3F0AB7DB19C2C82A00317504 = {
			isa = PBXGroup;
			children = (
				3F0AB7E619C2C82A00317504 /* tipCalculator */,
				3F0AB7F919C2C82A00317504 /* tipCalculatorTests */,
				3F0AB7E519C2C82A00317504 /* Products */,
			);
			sourceTree = "<group>";
		};
		3F0AB7E519C2C82A00317504 /* Products */ = {
			isa = PBXGroup;
			children = (
				3F0AB7E419C2C82A00317504 /* tipCalculator.app */,
				3F0AB7F619C2C82A00317504 /* tipCalculatorTests.xctest */,
			);
			name = Products;
			sourceTree = "<group>";
		};
		3F0AB7E619C2C82A00317504 /* tipCalculator */ = {
			isa = PBXGroup;
			children = (
				3F0AB80619C2C87800317504 /* tipCalculatorModel.swift */,
				3F0AB7E919C2C82A00317504 /* AppDelegate.swift */,
				3F0AB7EB19C2C82A00317504 /* ViewController.swift */,
				3F0AB7ED19C2C82A00317504 /* Main.storyboard */,
				3F0AB7F019C2C82A00317504 /* Images.xcassets */,
				3F0AB7E719C2C82A00317504 /* Supporting Files */,
			);
			path = tipCalculator;
			sourceTree = "<group>";
		};
		3F0AB7E719C2C82A00317504 /* Supporting Files */ = {
			isa = PBXGroup;
			children = (
				3F0AB7E819C2C82A00317504 /* Info.plist */,
			);
			name = "Supporting Files";
			sourceTree = "<group>";
		};
		3F0AB7F919C2C82A00317504 /* tipCalculatorTests */ = {
			isa = PBXGroup;
			children = (
				3F0AB7FC19C2C82A00317504 /* tipCalculatorTests.swift */,
				3F0AB7FA19C2C82A00317504 /* Supporting Files */,
			);
			path = tipCalculatorTests;
			sourceTree = "<group>";
		};
		3F0AB7FA19C2C82A00317504 /* Supporting Files */ = {
			isa = PBXGroup;
			children = (
				3F0AB7FB19C2C82A00317504 /* Info.plist */,
			);
			name = "Supporting Files";
			sourceTree = "<group>";
		};
/* End PBXGroup section */

/* Begin PBXNativeTarget section */
		3F0AB7E319C2C82A00317504 /* tipCalculator */ = {
			isa = PBXNativeTarget;
			buildConfigurationList = 3F0AB80019C2C82A00317504 /* Build configuration list for PBXNativeTarget "tipCalculator" */;
			buildPhases = (
				3F0AB7E019C2C82A00317504 /* Sources */,
				3F0AB7E119C2C82A00317504 /* Frameworks */,
				3F0AB7E219C2C82A00317504 /* Resources */,
			);
			buildRules = (
			);
			dependencies = (
			);
			name = tipCalculator;
			productName = tipCalculator;
			productReference = 3F0AB7E419C2C82A00317504 /* tipCalculator.app */;
			productType = "com.apple.product-type.application";
		};
		3F0AB7F519C2C82A00317504 /* tipCalculatorTests */ = {
			isa = PBXNativeTarget;
			buildConfigurationList = 3F0AB80319C2C82A00317504 /* Build configuration list for PBXNativeTarget "tipCalculatorTests" */;
			buildPhases = (
				3F0AB7F219C2C82A00317504 /* Sources */,
				3F0AB7F319C2C82A00317504 /* Frameworks */,
				3F0AB7F419C2C82A00317504 /* Resources */,
			);
			buildRules = (
			);
			dependencies = (
				3F0AB7F819C2C82A00317504 /* PBXTargetDependency */,
			);
			name = tipCalculatorTests;
			productName = tipCalculatorTests;
			productReference = 3F0AB7F619C2C82A00317504 /* tipCalculatorTests.xctest */;
			productType = "com.apple.product-type.bundle.unit-test";
		};
/* End PBXNativeTarget section */

/* Begin PBXProject section */
		3F0AB7DC19C2C82A00317504 /* Project object */ = {
			isa = PBXProject;
			attributes = {
				LastUpgradeCheck = 0600;
				ORGANIZATIONNAME = student;
				TargetAttributes = {
					3F0AB7E319C2C82A00317504 = {
						CreatedOnToolsVersion = 6.0;
					};
					3F0AB7F519C2C82A00317504 = {
						CreatedOnToolsVersion = 6.0;
						TestTargetID = 3F0AB7E319C2C82A00317504;
					};
				};
			};
			buildConfigurationList = 3F0AB7DF19C2C82A00317504 /* Build configuration list for PBXProject "tipCalculator" */;
			compatibilityVersion = "Xcode 3.2";
			developmentRegion = English;
			hasScannedForEncodings = 0;
			knownRegions = (
				en,
				Base,
			);
			mainGroup = 3F0AB7DB19C2C82A00317504;
			productRefGroup = 3F0AB7E519C2C82A00317504 /* Products */;
			projectDirPath = "";
			projectRoot = "";
			targets = (
				3F0AB7E319C2C82A00317504 /* tipCalculator */,
				3F0AB7F519C2C82A00317504 /* tipCalculatorTests */,
			);
		};
/* End PBXProject section */

/* Begin PBXResourcesBuildPhase section */
		3F0AB7E219C2C82A00317504 /* Resources */ = {
			isa = PBXResourcesBuildPhase;
			buildActionMask = 2147483647;
			files = (
				3F0AB7EF19C2C82A00317504 /* Main.storyboard in Resources */,
				3F0AB7F119C2C82A00317504 /* Images.xcassets in Resources */,
			);
			runOnlyForDeploymentPostprocessing = 0;
		};
		3F0AB7F419C2C82A00317504 /* Resources */ = {
			isa = PBXResourcesBuildPhase;
			buildActionMask = 2147483647;
			files = (
			);
			runOnlyForDeploymentPostprocessing = 0;
		};
/* End PBXResourcesBuildPhase section */

/* Begin PBXSourcesBuildPhase section */
		3F0AB7E019C2C82A00317504 /* Sources */ = {
			isa = PBXSourcesBuildPhase;
			buildActionMask = 2147483647;
			files = (
				3F0AB7EC19C2C82A00317504 /* ViewController.swift in Sources */,
				3F0AB7EA19C2C82A00317504 /* AppDelegate.swift in Sources */,
				3F0AB80719C2C87800317504 /* tipCalculatorModel.swift in Sources */,
			);
			runOnlyForDeploymentPostprocessing = 0;
		};
		3F0AB7F219C2C82A00317504 /* Sources */ = {
			isa = PBXSourcesBuildPhase;
			buildActionMask = 2147483647;
			files = (
				3F0AB7FD19C2C82A00317504 /* tipCalculatorTests.swift in Sources */,
			);
			runOnlyForDeploymentPostprocessing = 0;
		};
/* End PBXSourcesBuildPhase section */

/* Begin PBXTargetDependency section */
		3F0AB7F819C2C82A00317504 /* PBXTargetDependency */ = {
			isa = PBXTargetDependency;
			target = 3F0AB7E319C2C82A00317504 /* tipCalculator */;
			targetProxy = 3F0AB7F719C2C82A00317504 /* PBXContainerItemProxy */;
		};
/* End PBXTargetDependency section */

/* Begin PBXVariantGroup section */
		3F0AB7ED19C2C82A00317504 /* Main.storyboard */ = {
			isa = PBXVariantGroup;
			children = (
				3F0AB7EE19C2C82A00317504 /* Base */,
			);
			name = Main.storyboard;
			sourceTree = "<group>";
		};
/* End PBXVariantGroup section */

/* Begin XCBuildConfiguration section */
		3F0AB7FE19C2C82A00317504 /* Debug */ = {
			isa = XCBuildConfiguration;
			buildSettings = {
				ALWAYS_SEARCH_USER_PATHS = NO;
				CLANG_CXX_LANGUAGE_STANDARD = "gnu++0x";
				CLANG_CXX_LIBRARY = "libc++";
				CLANG_ENABLE_MODULES = YES;
				CLANG_ENABLE_OBJC_ARC = YES;
				CLANG_WARN_BOOL_CONVERSION = YES;
				CLANG_WARN_CONSTANT_CONVERSION = YES;
				CLANG_WARN_DIRECT_OBJC_ISA_USAGE = YES_ERROR;
				CLANG_WARN_EMPTY_BODY = YES;
				CLANG_WARN_ENUM_CONVERSION = YES;
				CLANG_WARN_INT_CONVERSION = YES;
				CLANG_WARN_OBJC_ROOT_CLASS = YES_ERROR;
				CLANG_WARN_UNREACHABLE_CODE = YES;
				CLANG_WARN__DUPLICATE_METHOD_MATCH = YES;
				"CODE_SIGN_IDENTITY[sdk=iphoneos*]" = "iPhone Developer";
				COPY_PHASE_STRIP = NO;
				ENABLE_STRICT_OBJC_MSGSEND = YES;
				GCC_C_LANGUAGE_STANDARD = gnu99;
				GCC_DYNAMIC_NO_PIC = NO;
				GCC_OPTIMIZATION_LEVEL = 0;
				GCC_PREPROCESSOR_DEFINITIONS = (
					"DEBUG=1",
					"$(inherited)",
				);
				GCC_SYMBOLS_PRIVATE_EXTERN = NO;
				GCC_WARN_64_TO_32_BIT_CONVERSION = YES;
				GCC_WARN_ABOUT_RETURN_TYPE = YES_ERROR;
				GCC_WARN_UNDECLARED_SELECTOR = YES;
				GCC_WARN_UNINITIALIZED_AUTOS = YES_AGGRESSIVE;
				GCC_WARN_UNUSED_FUNCTION = YES;
				GCC_WARN_UNUSED_VARIABLE = YES;
				IPHONEOS_DEPLOYMENT_TARGET = 8.0;
				MTL_ENABLE_DEBUG_INFO = YES;
				ONLY_ACTIVE_ARCH = YES;
				SDKROOT = iphoneos;
				SWIFT_OPTIMIZATION_LEVEL = "-Onone";
			};
			name = Debug;
		};
		3F0AB7FF19C2C82A00317504 /* Release */ = {
			isa = XCBuildConfiguration;
			buildSettings = {
				ALWAYS_SEARCH_USER_PATHS = NO;
				CLANG_CXX_LANGUAGE_STANDARD = "gnu++0x";
				CLANG_CXX_LIBRARY = "libc++";
				CLANG_ENABLE_MODULES = YES;
				CLANG_ENABLE_OBJC_ARC = YES;
				CLANG_WARN_BOOL_CONVERSION = YES;
				CLANG_WARN_CONSTANT_CONVERSION = YES;
				CLANG_WARN_DIRECT_OBJC_ISA_USAGE = YES_ERROR;
				CLANG_WARN_EMPTY_BODY = YES;
				CLANG_WARN_ENUM_CONVERSION = YES;
				CLANG_WARN_INT_CONVERSION = YES;
				CLANG_WARN_OBJC_ROOT_CLASS = YES_ERROR;
				CLANG_WARN_UNREACHABLE_CODE = YES;
				CLANG_WARN__DUPLICATE_METHOD_MATCH = YES;
				"CODE_SIGN_IDENTITY[sdk=iphoneos*]" = "iPhone Developer";
				COPY_PHASE_STRIP = YES;
				ENABLE_NS_ASSERTIONS = NO;
				ENABLE_STRICT_OBJC_MSGSEND = YES;
				GCC_C_LANGUAGE_STANDARD = gnu99;
				GCC_WARN_64_TO_32_BIT_CONVERSION = YES;
				GCC_WARN_ABOUT_RETURN_TYPE = YES_ERROR;
				GCC_WARN_UNDECLARED_SELECTOR = YES;
				GCC_WARN_UNINITIALIZED_AUTOS = YES_AGGRESSIVE;
				GCC_WARN_UNUSED_FUNCTION = YES;
				GCC_WARN_UNUSED_VARIABLE = YES;
				IPHONEOS_DEPLOYMENT_TARGET = 8.0;
				MTL_ENABLE_DEBUG_INFO = NO;
				SDKROOT = iphoneos;
				VALIDATE_PRODUCT = YES;
			};
			name = Release;
		};
		3F0AB80119C2C82A00317504 /* Debug */ = {
			isa = XCBuildConfiguration;
			buildSettings = {
				ASSETCATALOG_COMPILER_APPICON_NAME = AppIcon;
				ASSETCATALOG_COMPILER_LAUNCHIMAGE_NAME = LaunchImage;
				INFOPLIST_FILE = tipCalculator/Info.plist;
				LD_RUNPATH_SEARCH_PATHS = "$(inherited) @executable_path/Frameworks";
				PRODUCT_NAME = "$(TARGET_NAME)";
			};
			name = Debug;
		};
		3F0AB80219C2C82A00317504 /* Release */ = {
			isa = XCBuildConfiguration;
			buildSettings = {
				ASSETCATALOG_COMPILER_APPICON_NAME = AppIcon;
				ASSETCATALOG_COMPILER_LAUNCHIMAGE_NAME = LaunchImage;
				INFOPLIST_FILE = tipCalculator/Info.plist;
				LD_RUNPATH_SEARCH_PATHS = "$(inherited) @executable_path/Frameworks";
				PRODUCT_NAME = "$(TARGET_NAME)";
			};
			name = Release;
		};
		3F0AB80419C2C82A00317504 /* Debug */ = {
			isa = XCBuildConfiguration;
			buildSettings = {
				BUNDLE_LOADER = "$(BUILT_PRODUCTS_DIR)/tipCalculator.app/tipCalculator";
				FRAMEWORK_SEARCH_PATHS = (
					"$(SDKROOT)/Developer/Library/Frameworks",
					"$(inherited)",
				);
				GCC_PREPROCESSOR_DEFINITIONS = (
					"DEBUG=1",
					"$(inherited)",
				);
				INFOPLIST_FILE = tipCalculatorTests/Info.plist;
				LD_RUNPATH_SEARCH_PATHS = "$(inherited) @executable_path/Frameworks @loader_path/Frameworks";
				PRODUCT_NAME = "$(TARGET_NAME)";
				TEST_HOST = "$(BUNDLE_LOADER)";
			};
			name = Debug;
		};
		3F0AB80519C2C82A00317504 /* Release */ = {
			isa = XCBuildConfiguration;
			buildSettings = {
				BUNDLE_LOADER = "$(BUILT_PRODUCTS_DIR)/tipCalculator.app/tipCalculator";
				FRAMEWORK_SEARCH_PATHS = (
					"$(SDKROOT)/Developer/Library/Frameworks",
					"$(inherited)",
				);
				INFOPLIST_FILE = tipCalculatorTests/Info.plist;
				LD_RUNPATH_SEARCH_PATHS = "$(inherited) @executable_path/Frameworks @loader_path/Frameworks";
				PRODUCT_NAME = "$(TARGET_NAME)";
				TEST_HOST = "$(BUNDLE_LOADER)";
			};
			name = Release;
		};
/* End XCBuildConfiguration section */

/* Begin XCConfigurationList section */
		3F0AB7DF19C2C82A00317504 /* Build configuration list for PBXProject "tipCalculator" */ = {
			isa = XCConfigurationList;
			buildConfigurations = (
				3F0AB7FE19C2C82A00317504 /* Debug */,
				3F0AB7FF19C2C82A00317504 /* Release */,
			);
			defaultConfigurationIsVisible = 0;
			defaultConfigurationName = Release;
		};
		3F0AB80019C2C82A00317504 /* Build configuration list for PBXNativeTarget "tipCalculator" */ = {
			isa = XCConfigurationList;
			buildConfigurations = (
				3F0AB80119C2C82A00317504 /* Debug */,
				3F0AB80219C2C82A00317504 /* Release */,
			);
			defaultConfigurationIsVisible = 0;
			defaultConfigurationName = Release;
		};
		3F0AB80319C2C82A00317504 /* Build configuration list for PBXNativeTarget "tipCalculatorTests" */ = {
			isa = XCConfigurationList;
			buildConfigurations = (
				3F0AB80419C2C82A00317504 /* Debug */,
				3F0AB80519C2C82A00317504 /* Release */,
			);
			defaultConfigurationIsVisible = 0;
			defaultConfigurationName = Release;
		};
/* End XCConfigurationList section */
	};
	rootObject = 3F0AB7DC19C2C82A00317504 /* Project object */;
}
