// !$*UTF8*$!
{
	archiveVersion = 1;
	classes = {
	};
	objectVersion = 46;
	objects = {

/* Begin PBXBuildFile section */
		3F3F69291A0A0B5A00AD0034 /* addMemberViewController.swift in Sources */ = {isa = PBXBuildFile; fileRef = 3F3F69281A0A0B5A00AD0034 /* addMemberViewController.swift */; };
		3F74E4611A03649A00E4A962 /* AppDelegate.swift in Sources */ = {isa = PBXBuildFile; fileRef = 3F74E4601A03649A00E4A962 /* AppDelegate.swift */; };
		3F74E4641A03649A00E4A962 /* lab6_coreData.xcdatamodeld in Sources */ = {isa = PBXBuildFile; fileRef = 3F74E4621A03649A00E4A962 /* lab6_coreData.xcdatamodeld */; };
		3F74E4661A03649A00E4A962 /* ViewController.swift in Sources */ = {isa = PBXBuildFile; fileRef = 3F74E4651A03649A00E4A962 /* ViewController.swift */; };
		3F74E4691A03649A00E4A962 /* Main.storyboard in Resources */ = {isa = PBXBuildFile; fileRef = 3F74E4671A03649A00E4A962 /* Main.storyboard */; };
		3F74E46B1A03649A00E4A962 /* Images.xcassets in Resources */ = {isa = PBXBuildFile; fileRef = 3F74E46A1A03649A00E4A962 /* Images.xcassets */; };
		3F74E46E1A03649A00E4A962 /* LaunchScreen.xib in Resources */ = {isa = PBXBuildFile; fileRef = 3F74E46C1A03649A00E4A962 /* LaunchScreen.xib */; };
		3F74E47A1A03649A00E4A962 /* lab6_coreDataTests.swift in Sources */ = {isa = PBXBuildFile; fileRef = 3F74E4791A03649A00E4A962 /* lab6_coreDataTests.swift */; };
/* End PBXBuildFile section */

/* Begin PBXContainerItemProxy section */
		3F74E4741A03649A00E4A962 /* PBXContainerItemProxy */ = {
			isa = PBXContainerItemProxy;
			containerPortal = 3F74E4531A03649A00E4A962 /* Project object */;
			proxyType = 1;
			remoteGlobalIDString = 3F74E45A1A03649A00E4A962;
			remoteInfo = lab6_coreData;
		};
/* End PBXContainerItemProxy section */

/* Begin PBXFileReference section */
		3F3F69281A0A0B5A00AD0034 /* addMemberViewController.swift */ = {isa = PBXFileReference; fileEncoding = 4; lastKnownFileType = sourcecode.swift; path = addMemberViewController.swift; sourceTree = "<group>"; };
		3F74E45B1A03649A00E4A962 /* lab6_coreData.app */ = {isa = PBXFileReference; explicitFileType = wrapper.application; includeInIndex = 0; path = lab6_coreData.app; sourceTree = BUILT_PRODUCTS_DIR; };
		3F74E45F1A03649A00E4A962 /* Info.plist */ = {isa = PBXFileReference; lastKnownFileType = text.plist.xml; path = Info.plist; sourceTree = "<group>"; };
		3F74E4601A03649A00E4A962 /* AppDelegate.swift */ = {isa = PBXFileReference; lastKnownFileType = sourcecode.swift; path = AppDelegate.swift; sourceTree = "<group>"; };
		3F74E4631A03649A00E4A962 /* lab6_coreData.xcdatamodel */ = {isa = PBXFileReference; lastKnownFileType = wrapper.xcdatamodel; path = lab6_coreData.xcdatamodel; sourceTree = "<group>"; };
		3F74E4651A03649A00E4A962 /* ViewController.swift */ = {isa = PBXFileReference; lastKnownFileType = sourcecode.swift; path = ViewController.swift; sourceTree = "<group>"; };
		3F74E4681A03649A00E4A962 /* Base */ = {isa = PBXFileReference; lastKnownFileType = file.storyboard; name = Base; path = Base.lproj/Main.storyboard; sourceTree = "<group>"; };
		3F74E46A1A03649A00E4A962 /* Images.xcassets */ = {isa = PBXFileReference; lastKnownFileType = folder.assetcatalog; path = Images.xcassets; sourceTree = "<group>"; };
		3F74E46D1A03649A00E4A962 /* Base */ = {isa = PBXFileReference; lastKnownFileType = file.xib; name = Base; path = Base.lproj/LaunchScreen.xib; sourceTree = "<group>"; };
		3F74E4731A03649A00E4A962 /* lab6_coreDataTests.xctest */ = {isa = PBXFileReference; explicitFileType = wrapper.cfbundle; includeInIndex = 0; path = lab6_coreDataTests.xctest; sourceTree = BUILT_PRODUCTS_DIR; };
		3F74E4781A03649A00E4A962 /* Info.plist */ = {isa = PBXFileReference; lastKnownFileType = text.plist.xml; path = Info.plist; sourceTree = "<group>"; };
		3F74E4791A03649A00E4A962 /* lab6_coreDataTests.swift */ = {isa = PBXFileReference; lastKnownFileType = sourcecode.swift; path = lab6_coreDataTests.swift; sourceTree = "<group>"; };
/* End PBXFileReference section */

/* Begin PBXFrameworksBuildPhase section */
		3F74E4581A03649A00E4A962 /* Frameworks */ = {
			isa = PBXFrameworksBuildPhase;
			buildActionMask = 2147483647;
			files = (
			);
			runOnlyForDeploymentPostprocessing = 0;
		};
		3F74E4701A03649A00E4A962 /* Frameworks */ = {
			isa = PBXFrameworksBuildPhase;
			buildActionMask = 2147483647;
			files = (
			);
			runOnlyForDeploymentPostprocessing = 0;
		};
/* End PBXFrameworksBuildPhase section */

/* Begin PBXGroup section */
		3F74E4521A03649A00E4A962 = {
			isa = PBXGroup;
			children = (
				3F74E45D1A03649A00E4A962 /* lab6_coreData */,
				3F74E4761A03649A00E4A962 /* lab6_coreDataTests */,
				3F74E45C1A03649A00E4A962 /* Products */,
			);
			sourceTree = "<group>";
		};
		3F74E45C1A03649A00E4A962 /* Products */ = {
			isa = PBXGroup;
			children = (
				3F74E45B1A03649A00E4A962 /* lab6_coreData.app */,
				3F74E4731A03649A00E4A962 /* lab6_coreDataTests.xctest */,
			);
			name = Products;
			sourceTree = "<group>";
		};
		3F74E45D1A03649A00E4A962 /* lab6_coreData */ = {
			isa = PBXGroup;
			children = (
				3F74E4601A03649A00E4A962 /* AppDelegate.swift */,
				3F74E4651A03649A00E4A962 /* ViewController.swift */,
				3F74E4671A03649A00E4A962 /* Main.storyboard */,
				3F3F69281A0A0B5A00AD0034 /* addMemberViewController.swift */,
				3F74E46A1A03649A00E4A962 /* Images.xcassets */,
				3F74E46C1A03649A00E4A962 /* LaunchScreen.xib */,
				3F74E4621A03649A00E4A962 /* lab6_coreData.xcdatamodeld */,
				3F74E45E1A03649A00E4A962 /* Supporting Files */,
			);
			path = lab6_coreData;
			sourceTree = "<group>";
		};
		3F74E45E1A03649A00E4A962 /* Supporting Files */ = {
			isa = PBXGroup;
			children = (
				3F74E45F1A03649A00E4A962 /* Info.plist */,
			);
			name = "Supporting Files";
			sourceTree = "<group>";
		};
		3F74E4761A03649A00E4A962 /* lab6_coreDataTests */ = {
			isa = PBXGroup;
			children = (
				3F74E4791A03649A00E4A962 /* lab6_coreDataTests.swift */,
				3F74E4771A03649A00E4A962 /* Supporting Files */,
			);
			path = lab6_coreDataTests;
			sourceTree = "<group>";
		};
		3F74E4771A03649A00E4A962 /* Supporting Files */ = {
			isa = PBXGroup;
			children = (
				3F74E4781A03649A00E4A962 /* Info.plist */,
			);
			name = "Supporting Files";
			sourceTree = "<group>";
		};
/* End PBXGroup section */

/* Begin PBXNativeTarget section */
		3F74E45A1A03649A00E4A962 /* lab6_coreData */ = {
			isa = PBXNativeTarget;
			buildConfigurationList = 3F74E47D1A03649A00E4A962 /* Build configuration list for PBXNativeTarget "lab6_coreData" */;
			buildPhases = (
				3F74E4571A03649A00E4A962 /* Sources */,
				3F74E4581A03649A00E4A962 /* Frameworks */,
				3F74E4591A03649A00E4A962 /* Resources */,
			);
			buildRules = (
			);
			dependencies = (
			);
			name = lab6_coreData;
			productName = lab6_coreData;
			productReference = 3F74E45B1A03649A00E4A962 /* lab6_coreData.app */;
			productType = "com.apple.product-type.application";
		};
		3F74E4721A03649A00E4A962 /* lab6_coreDataTests */ = {
			isa = PBXNativeTarget;
			buildConfigurationList = 3F74E4801A03649A00E4A962 /* Build configuration list for PBXNativeTarget "lab6_coreDataTests" */;
			buildPhases = (
				3F74E46F1A03649A00E4A962 /* Sources */,
				3F74E4701A03649A00E4A962 /* Frameworks */,
				3F74E4711A03649A00E4A962 /* Resources */,
			);
			buildRules = (
			);
			dependencies = (
				3F74E4751A03649A00E4A962 /* PBXTargetDependency */,
			);
			name = lab6_coreDataTests;
			productName = lab6_coreDataTests;
			productReference = 3F74E4731A03649A00E4A962 /* lab6_coreDataTests.xctest */;
			productType = "com.apple.product-type.bundle.unit-test";
		};
/* End PBXNativeTarget section */

/* Begin PBXProject section */
		3F74E4531A03649A00E4A962 /* Project object */ = {
			isa = PBXProject;
			attributes = {
				LastUpgradeCheck = 0600;
				ORGANIZATIONNAME = student;
				TargetAttributes = {
					3F74E45A1A03649A00E4A962 = {
						CreatedOnToolsVersion = 6.0;
					};
					3F74E4721A03649A00E4A962 = {
						CreatedOnToolsVersion = 6.0;
						TestTargetID = 3F74E45A1A03649A00E4A962;
					};
				};
			};
			buildConfigurationList = 3F74E4561A03649A00E4A962 /* Build configuration list for PBXProject "lab6_coreData" */;
			compatibilityVersion = "Xcode 3.2";
			developmentRegion = English;
			hasScannedForEncodings = 0;
			knownRegions = (
				en,
				Base,
			);
			mainGroup = 3F74E4521A03649A00E4A962;
			productRefGroup = 3F74E45C1A03649A00E4A962 /* Products */;
			projectDirPath = "";
			projectRoot = "";
			targets = (
				3F74E45A1A03649A00E4A962 /* lab6_coreData */,
				3F74E4721A03649A00E4A962 /* lab6_coreDataTests */,
			);
		};
/* End PBXProject section */

/* Begin PBXResourcesBuildPhase section */
		3F74E4591A03649A00E4A962 /* Resources */ = {
			isa = PBXResourcesBuildPhase;
			buildActionMask = 2147483647;
			files = (
				3F74E4691A03649A00E4A962 /* Main.storyboard in Resources */,
				3F74E46E1A03649A00E4A962 /* LaunchScreen.xib in Resources */,
				3F74E46B1A03649A00E4A962 /* Images.xcassets in Resources */,
			);
			runOnlyForDeploymentPostprocessing = 0;
		};
		3F74E4711A03649A00E4A962 /* Resources */ = {
			isa = PBXResourcesBuildPhase;
			buildActionMask = 2147483647;
			files = (
			);
			runOnlyForDeploymentPostprocessing = 0;
		};
/* End PBXResourcesBuildPhase section */

/* Begin PBXSourcesBuildPhase section */
		3F74E4571A03649A00E4A962 /* Sources */ = {
			isa = PBXSourcesBuildPhase;
			buildActionMask = 2147483647;
			files = (
				3F3F69291A0A0B5A00AD0034 /* addMemberViewController.swift in Sources */,
				3F74E4661A03649A00E4A962 /* ViewController.swift in Sources */,
				3F74E4611A03649A00E4A962 /* AppDelegate.swift in Sources */,
				3F74E4641A03649A00E4A962 /* lab6_coreData.xcdatamodeld in Sources */,
			);
			runOnlyForDeploymentPostprocessing = 0;
		};
		3F74E46F1A03649A00E4A962 /* Sources */ = {
			isa = PBXSourcesBuildPhase;
			buildActionMask = 2147483647;
			files = (
				3F74E47A1A03649A00E4A962 /* lab6_coreDataTests.swift in Sources */,
			);
			runOnlyForDeploymentPostprocessing = 0;
		};
/* End PBXSourcesBuildPhase section */

/* Begin PBXTargetDependency section */
		3F74E4751A03649A00E4A962 /* PBXTargetDependency */ = {
			isa = PBXTargetDependency;
			target = 3F74E45A1A03649A00E4A962 /* lab6_coreData */;
			targetProxy = 3F74E4741A03649A00E4A962 /* PBXContainerItemProxy */;
		};
/* End PBXTargetDependency section */

/* Begin PBXVariantGroup section */
		3F74E4671A03649A00E4A962 /* Main.storyboard */ = {
			isa = PBXVariantGroup;
			children = (
				3F74E4681A03649A00E4A962 /* Base */,
			);
			name = Main.storyboard;
			sourceTree = "<group>";
		};
		3F74E46C1A03649A00E4A962 /* LaunchScreen.xib */ = {
			isa = PBXVariantGroup;
			children = (
				3F74E46D1A03649A00E4A962 /* Base */,
			);
			name = LaunchScreen.xib;
			sourceTree = "<group>";
		};
/* End PBXVariantGroup section */

/* Begin XCBuildConfiguration section */
		3F74E47B1A03649A00E4A962 /* Debug */ = {
			isa = XCBuildConfiguration;
			buildSettings = {
				ALWAYS_SEARCH_USER_PATHS = NO;
				CLANG_CXX_LANGUAGE_STANDARD = "gnu++0x";
				CLANG_CXX_LIBRARY = "libc++";
				CLANG_ENABLE_MODULES = YES;
				CLANG_ENABLE_OBJC_ARC = YES;
				CLANG_WARN_BOOL_CONVERSION = YES;
				CLANG_WARN_CONSTANT_CONVERSION = YES;
				CLANG_WARN_DIRECT_OBJC_ISA_USAGE = YES_ERROR;
				CLANG_WARN_EMPTY_BODY = YES;
				CLANG_WARN_ENUM_CONVERSION = YES;
				CLANG_WARN_INT_CONVERSION = YES;
				CLANG_WARN_OBJC_ROOT_CLASS = YES_ERROR;
				CLANG_WARN_UNREACHABLE_CODE = YES;
				CLANG_WARN__DUPLICATE_METHOD_MATCH = YES;
				"CODE_SIGN_IDENTITY[sdk=iphoneos*]" = "iPhone Developer";
				COPY_PHASE_STRIP = NO;
				ENABLE_STRICT_OBJC_MSGSEND = YES;
				GCC_C_LANGUAGE_STANDARD = gnu99;
				GCC_DYNAMIC_NO_PIC = NO;
				GCC_OPTIMIZATION_LEVEL = 0;
				GCC_PREPROCESSOR_DEFINITIONS = (
					"DEBUG=1",
					"$(inherited)",
				);
				GCC_SYMBOLS_PRIVATE_EXTERN = NO;
				GCC_WARN_64_TO_32_BIT_CONVERSION = YES;
				GCC_WARN_ABOUT_RETURN_TYPE = YES_ERROR;
				GCC_WARN_UNDECLARED_SELECTOR = YES;
				GCC_WARN_UNINITIALIZED_AUTOS = YES_AGGRESSIVE;
				GCC_WARN_UNUSED_FUNCTION = YES;
				GCC_WARN_UNUSED_VARIABLE = YES;
				IPHONEOS_DEPLOYMENT_TARGET = 8.0;
				MTL_ENABLE_DEBUG_INFO = YES;
				ONLY_ACTIVE_ARCH = YES;
				SDKROOT = iphoneos;
				SWIFT_OPTIMIZATION_LEVEL = "-Onone";
			};
			name = Debug;
		};
		3F74E47C1A03649A00E4A962 /* Release */ = {
			isa = XCBuildConfiguration;
			buildSettings = {
				ALWAYS_SEARCH_USER_PATHS = NO;
				CLANG_CXX_LANGUAGE_STANDARD = "gnu++0x";
				CLANG_CXX_LIBRARY = "libc++";
				CLANG_ENABLE_MODULES = YES;
				CLANG_ENABLE_OBJC_ARC = YES;
				CLANG_WARN_BOOL_CONVERSION = YES;
				CLANG_WARN_CONSTANT_CONVERSION = YES;
				CLANG_WARN_DIRECT_OBJC_ISA_USAGE = YES_ERROR;
				CLANG_WARN_EMPTY_BODY = YES;
				CLANG_WARN_ENUM_CONVERSION = YES;
				CLANG_WARN_INT_CONVERSION = YES;
				CLANG_WARN_OBJC_ROOT_CLASS = YES_ERROR;
				CLANG_WARN_UNREACHABLE_CODE = YES;
				CLANG_WARN__DUPLICATE_METHOD_MATCH = YES;
				"CODE_SIGN_IDENTITY[sdk=iphoneos*]" = "iPhone Developer";
				COPY_PHASE_STRIP = YES;
				ENABLE_NS_ASSERTIONS = NO;
				ENABLE_STRICT_OBJC_MSGSEND = YES;
				GCC_C_LANGUAGE_STANDARD = gnu99;
				GCC_WARN_64_TO_32_BIT_CONVERSION = YES;
				GCC_WARN_ABOUT_RETURN_TYPE = YES_ERROR;
				GCC_WARN_UNDECLARED_SELECTOR = YES;
				GCC_WARN_UNINITIALIZED_AUTOS = YES_AGGRESSIVE;
				GCC_WARN_UNUSED_FUNCTION = YES;
				GCC_WARN_UNUSED_VARIABLE = YES;
				IPHONEOS_DEPLOYMENT_TARGET = 8.0;
				MTL_ENABLE_DEBUG_INFO = NO;
				SDKROOT = iphoneos;
				VALIDATE_PRODUCT = YES;
			};
			name = Release;
		};
		3F74E47E1A03649A00E4A962 /* Debug */ = {
			isa = XCBuildConfiguration;
			buildSettings = {
				ASSETCATALOG_COMPILER_APPICON_NAME = AppIcon;
				INFOPLIST_FILE = lab6_coreData/Info.plist;
				LD_RUNPATH_SEARCH_PATHS = "$(inherited) @executable_path/Frameworks";
				PRODUCT_NAME = "$(TARGET_NAME)";
			};
			name = Debug;
		};
		3F74E47F1A03649A00E4A962 /* Release */ = {
			isa = XCBuildConfiguration;
			buildSettings = {
				ASSETCATALOG_COMPILER_APPICON_NAME = AppIcon;
				INFOPLIST_FILE = lab6_coreData/Info.plist;
				LD_RUNPATH_SEARCH_PATHS = "$(inherited) @executable_path/Frameworks";
				PRODUCT_NAME = "$(TARGET_NAME)";
			};
			name = Release;
		};
		3F74E4811A03649A00E4A962 /* Debug */ = {
			isa = XCBuildConfiguration;
			buildSettings = {
				BUNDLE_LOADER = "$(TEST_HOST)";
				FRAMEWORK_SEARCH_PATHS = (
					"$(SDKROOT)/Developer/Library/Frameworks",
					"$(inherited)",
				);
				GCC_PREPROCESSOR_DEFINITIONS = (
					"DEBUG=1",
					"$(inherited)",
				);
				INFOPLIST_FILE = lab6_coreDataTests/Info.plist;
				LD_RUNPATH_SEARCH_PATHS = "$(inherited) @executable_path/Frameworks @loader_path/Frameworks";
				PRODUCT_NAME = "$(TARGET_NAME)";
				TEST_HOST = "$(BUILT_PRODUCTS_DIR)/lab6_coreData.app/lab6_coreData";
			};
			name = Debug;
		};
		3F74E4821A03649A00E4A962 /* Release */ = {
			isa = XCBuildConfiguration;
			buildSettings = {
				BUNDLE_LOADER = "$(TEST_HOST)";
				FRAMEWORK_SEARCH_PATHS = (
					"$(SDKROOT)/Developer/Library/Frameworks",
					"$(inherited)",
				);
				INFOPLIST_FILE = lab6_coreDataTests/Info.plist;
				LD_RUNPATH_SEARCH_PATHS = "$(inherited) @executable_path/Frameworks @loader_path/Frameworks";
				PRODUCT_NAME = "$(TARGET_NAME)";
				TEST_HOST = "$(BUILT_PRODUCTS_DIR)/lab6_coreData.app/lab6_coreData";
			};
			name = Release;
		};
/* End XCBuildConfiguration section */

/* Begin XCConfigurationList section */
		3F74E4561A03649A00E4A962 /* Build configuration list for PBXProject "lab6_coreData" */ = {
			isa = XCConfigurationList;
			buildConfigurations = (
				3F74E47B1A03649A00E4A962 /* Debug */,
				3F74E47C1A03649A00E4A962 /* Release */,
			);
			defaultConfigurationIsVisible = 0;
			defaultConfigurationName = Release;
		};
		3F74E47D1A03649A00E4A962 /* Build configuration list for PBXNativeTarget "lab6_coreData" */ = {
			isa = XCConfigurationList;
			buildConfigurations = (
				3F74E47E1A03649A00E4A962 /* Debug */,
				3F74E47F1A03649A00E4A962 /* Release */,
			);
			defaultConfigurationIsVisible = 0;
			defaultConfigurationName = Release;
		};
		3F74E4801A03649A00E4A962 /* Build configuration list for PBXNativeTarget "lab6_coreDataTests" */ = {
			isa = XCConfigurationList;
			buildConfigurations = (
				3F74E4811A03649A00E4A962 /* Debug */,
				3F74E4821A03649A00E4A962 /* Release */,
			);
			defaultConfigurationIsVisible = 0;
			defaultConfigurationName = Release;
		};
/* End XCConfigurationList section */

/* Begin XCVersionGroup section */
		3F74E4621A03649A00E4A962 /* lab6_coreData.xcdatamodeld */ = {
			isa = XCVersionGroup;
			children = (
				3F74E4631A03649A00E4A962 /* lab6_coreData.xcdatamodel */,
			);
			currentVersion = 3F74E4631A03649A00E4A962 /* lab6_coreData.xcdatamodel */;
			path = lab6_coreData.xcdatamodeld;
			sourceTree = "<group>";
			versionGroupType = wrapper.xcdatamodel;
		};
/* End XCVersionGroup section */
	};
	rootObject = 3F74E4531A03649A00E4A962 /* Project object */;
}
