// !$*UTF8*$!
{
	archiveVersion = 1;
	classes = {
	};
	objectVersion = 46;
	objects = {

/* Begin PBXBuildFile section */
		3FCE1CD019C2F6CE00C555D9 /* AppDelegate.swift in Sources */ = {isa = PBXBuildFile; fileRef = 3FCE1CCF19C2F6CE00C555D9 /* AppDelegate.swift */; };
		3FCE1CD219C2F6CE00C555D9 /* ViewController.swift in Sources */ = {isa = PBXBuildFile; fileRef = 3FCE1CD119C2F6CE00C555D9 /* ViewController.swift */; };
		3FCE1CD519C2F6CE00C555D9 /* Main.storyboard in Resources */ = {isa = PBXBuildFile; fileRef = 3FCE1CD319C2F6CE00C555D9 /* Main.storyboard */; };
		3FCE1CD719C2F6CE00C555D9 /* Images.xcassets in Resources */ = {isa = PBXBuildFile; fileRef = 3FCE1CD619C2F6CE00C555D9 /* Images.xcassets */; };
		3FCE1CE319C2F6CE00C555D9 /* Ex120914Tests.swift in Sources */ = {isa = PBXBuildFile; fileRef = 3FCE1CE219C2F6CE00C555D9 /* Ex120914Tests.swift */; };
/* End PBXBuildFile section */

/* Begin PBXContainerItemProxy section */
		3FCE1CDD19C2F6CE00C555D9 /* PBXContainerItemProxy */ = {
			isa = PBXContainerItemProxy;
			containerPortal = 3FCE1CC219C2F6CE00C555D9 /* Project object */;
			proxyType = 1;
			remoteGlobalIDString = 3FCE1CC919C2F6CE00C555D9;
			remoteInfo = Ex120914;
		};
/* End PBXContainerItemProxy section */

/* Begin PBXFileReference section */
		3FCE1CCA19C2F6CE00C555D9 /* Ex120914.app */ = {isa = PBXFileReference; explicitFileType = wrapper.application; includeInIndex = 0; path = Ex120914.app; sourceTree = BUILT_PRODUCTS_DIR; };
		3FCE1CCE19C2F6CE00C555D9 /* Info.plist */ = {isa = PBXFileReference; lastKnownFileType = text.plist.xml; path = Info.plist; sourceTree = "<group>"; };
		3FCE1CCF19C2F6CE00C555D9 /* AppDelegate.swift */ = {isa = PBXFileReference; lastKnownFileType = sourcecode.swift; path = AppDelegate.swift; sourceTree = "<group>"; };
		3FCE1CD119C2F6CE00C555D9 /* ViewController.swift */ = {isa = PBXFileReference; lastKnownFileType = sourcecode.swift; path = ViewController.swift; sourceTree = "<group>"; };
		3FCE1CD419C2F6CE00C555D9 /* Base */ = {isa = PBXFileReference; lastKnownFileType = file.storyboard; name = Base; path = Base.lproj/Main.storyboard; sourceTree = "<group>"; };
		3FCE1CD619C2F6CE00C555D9 /* Images.xcassets */ = {isa = PBXFileReference; lastKnownFileType = folder.assetcatalog; path = Images.xcassets; sourceTree = "<group>"; };
		3FCE1CDC19C2F6CE00C555D9 /* Ex120914Tests.xctest */ = {isa = PBXFileReference; explicitFileType = wrapper.cfbundle; includeInIndex = 0; path = Ex120914Tests.xctest; sourceTree = BUILT_PRODUCTS_DIR; };
		3FCE1CE119C2F6CE00C555D9 /* Info.plist */ = {isa = PBXFileReference; lastKnownFileType = text.plist.xml; path = Info.plist; sourceTree = "<group>"; };
		3FCE1CE219C2F6CE00C555D9 /* Ex120914Tests.swift */ = {isa = PBXFileReference; lastKnownFileType = sourcecode.swift; path = Ex120914Tests.swift; sourceTree = "<group>"; };
/* End PBXFileReference section */

/* Begin PBXFrameworksBuildPhase section */
		3FCE1CC719C2F6CE00C555D9 /* Frameworks */ = {
			isa = PBXFrameworksBuildPhase;
			buildActionMask = 2147483647;
			files = (
			);
			runOnlyForDeploymentPostprocessing = 0;
		};
		3FCE1CD919C2F6CE00C555D9 /* Frameworks */ = {
			isa = PBXFrameworksBuildPhase;
			buildActionMask = 2147483647;
			files = (
			);
			runOnlyForDeploymentPostprocessing = 0;
		};
/* End PBXFrameworksBuildPhase section */

/* Begin PBXGroup section */
		3FCE1CC119C2F6CE00C555D9 = {
			isa = PBXGroup;
			children = (
				3FCE1CCC19C2F6CE00C555D9 /* Ex120914 */,
				3FCE1CDF19C2F6CE00C555D9 /* Ex120914Tests */,
				3FCE1CCB19C2F6CE00C555D9 /* Products */,
			);
			sourceTree = "<group>";
		};
		3FCE1CCB19C2F6CE00C555D9 /* Products */ = {
			isa = PBXGroup;
			children = (
				3FCE1CCA19C2F6CE00C555D9 /* Ex120914.app */,
				3FCE1CDC19C2F6CE00C555D9 /* Ex120914Tests.xctest */,
			);
			name = Products;
			sourceTree = "<group>";
		};
		3FCE1CCC19C2F6CE00C555D9 /* Ex120914 */ = {
			isa = PBXGroup;
			children = (
				3FCE1CCF19C2F6CE00C555D9 /* AppDelegate.swift */,
				3FCE1CD119C2F6CE00C555D9 /* ViewController.swift */,
				3FCE1CD319C2F6CE00C555D9 /* Main.storyboard */,
				3FCE1CD619C2F6CE00C555D9 /* Images.xcassets */,
				3FCE1CCD19C2F6CE00C555D9 /* Supporting Files */,
			);
			path = Ex120914;
			sourceTree = "<group>";
		};
		3FCE1CCD19C2F6CE00C555D9 /* Supporting Files */ = {
			isa = PBXGroup;
			children = (
				3FCE1CCE19C2F6CE00C555D9 /* Info.plist */,
			);
			name = "Supporting Files";
			sourceTree = "<group>";
		};
		3FCE1CDF19C2F6CE00C555D9 /* Ex120914Tests */ = {
			isa = PBXGroup;
			children = (
				3FCE1CE219C2F6CE00C555D9 /* Ex120914Tests.swift */,
				3FCE1CE019C2F6CE00C555D9 /* Supporting Files */,
			);
			path = Ex120914Tests;
			sourceTree = "<group>";
		};
		3FCE1CE019C2F6CE00C555D9 /* Supporting Files */ = {
			isa = PBXGroup;
			children = (
				3FCE1CE119C2F6CE00C555D9 /* Info.plist */,
			);
			name = "Supporting Files";
			sourceTree = "<group>";
		};
/* End PBXGroup section */

/* Begin PBXNativeTarget section */
		3FCE1CC919C2F6CE00C555D9 /* Ex120914 */ = {
			isa = PBXNativeTarget;
			buildConfigurationList = 3FCE1CE619C2F6CE00C555D9 /* Build configuration list for PBXNativeTarget "Ex120914" */;
			buildPhases = (
				3FCE1CC619C2F6CE00C555D9 /* Sources */,
				3FCE1CC719C2F6CE00C555D9 /* Frameworks */,
				3FCE1CC819C2F6CE00C555D9 /* Resources */,
			);
			buildRules = (
			);
			dependencies = (
			);
			name = Ex120914;
			productName = Ex120914;
			productReference = 3FCE1CCA19C2F6CE00C555D9 /* Ex120914.app */;
			productType = "com.apple.product-type.application";
		};
		3FCE1CDB19C2F6CE00C555D9 /* Ex120914Tests */ = {
			isa = PBXNativeTarget;
			buildConfigurationList = 3FCE1CE919C2F6CE00C555D9 /* Build configuration list for PBXNativeTarget "Ex120914Tests" */;
			buildPhases = (
				3FCE1CD819C2F6CE00C555D9 /* Sources */,
				3FCE1CD919C2F6CE00C555D9 /* Frameworks */,
				3FCE1CDA19C2F6CE00C555D9 /* Resources */,
			);
			buildRules = (
			);
			dependencies = (
				3FCE1CDE19C2F6CE00C555D9 /* PBXTargetDependency */,
			);
			name = Ex120914Tests;
			productName = Ex120914Tests;
			productReference = 3FCE1CDC19C2F6CE00C555D9 /* Ex120914Tests.xctest */;
			productType = "com.apple.product-type.bundle.unit-test";
		};
/* End PBXNativeTarget section */

/* Begin PBXProject section */
		3FCE1CC219C2F6CE00C555D9 /* Project object */ = {
			isa = PBXProject;
			attributes = {
				LastUpgradeCheck = 0600;
				ORGANIZATIONNAME = student;
				TargetAttributes = {
					3FCE1CC919C2F6CE00C555D9 = {
						CreatedOnToolsVersion = 6.0;
					};
					3FCE1CDB19C2F6CE00C555D9 = {
						CreatedOnToolsVersion = 6.0;
						TestTargetID = 3FCE1CC919C2F6CE00C555D9;
					};
				};
			};
			buildConfigurationList = 3FCE1CC519C2F6CE00C555D9 /* Build configuration list for PBXProject "Ex120914" */;
			compatibilityVersion = "Xcode 3.2";
			developmentRegion = English;
			hasScannedForEncodings = 0;
			knownRegions = (
				en,
				Base,
			);
			mainGroup = 3FCE1CC119C2F6CE00C555D9;
			productRefGroup = 3FCE1CCB19C2F6CE00C555D9 /* Products */;
			projectDirPath = "";
			projectRoot = "";
			targets = (
				3FCE1CC919C2F6CE00C555D9 /* Ex120914 */,
				3FCE1CDB19C2F6CE00C555D9 /* Ex120914Tests */,
			);
		};
/* End PBXProject section */

/* Begin PBXResourcesBuildPhase section */
		3FCE1CC819C2F6CE00C555D9 /* Resources */ = {
			isa = PBXResourcesBuildPhase;
			buildActionMask = 2147483647;
			files = (
				3FCE1CD519C2F6CE00C555D9 /* Main.storyboard in Resources */,
				3FCE1CD719C2F6CE00C555D9 /* Images.xcassets in Resources */,
			);
			runOnlyForDeploymentPostprocessing = 0;
		};
		3FCE1CDA19C2F6CE00C555D9 /* Resources */ = {
			isa = PBXResourcesBuildPhase;
			buildActionMask = 2147483647;
			files = (
			);
			runOnlyForDeploymentPostprocessing = 0;
		};
/* End PBXResourcesBuildPhase section */

/* Begin PBXSourcesBuildPhase section */
		3FCE1CC619C2F6CE00C555D9 /* Sources */ = {
			isa = PBXSourcesBuildPhase;
			buildActionMask = 2147483647;
			files = (
				3FCE1CD219C2F6CE00C555D9 /* ViewController.swift in Sources */,
				3FCE1CD019C2F6CE00C555D9 /* AppDelegate.swift in Sources */,
			);
			runOnlyForDeploymentPostprocessing = 0;
		};
		3FCE1CD819C2F6CE00C555D9 /* Sources */ = {
			isa = PBXSourcesBuildPhase;
			buildActionMask = 2147483647;
			files = (
				3FCE1CE319C2F6CE00C555D9 /* Ex120914Tests.swift in Sources */,
			);
			runOnlyForDeploymentPostprocessing = 0;
		};
/* End PBXSourcesBuildPhase section */

/* Begin PBXTargetDependency section */
		3FCE1CDE19C2F6CE00C555D9 /* PBXTargetDependency */ = {
			isa = PBXTargetDependency;
			target = 3FCE1CC919C2F6CE00C555D9 /* Ex120914 */;
			targetProxy = 3FCE1CDD19C2F6CE00C555D9 /* PBXContainerItemProxy */;
		};
/* End PBXTargetDependency section */

/* Begin PBXVariantGroup section */
		3FCE1CD319C2F6CE00C555D9 /* Main.storyboard */ = {
			isa = PBXVariantGroup;
			children = (
				3FCE1CD419C2F6CE00C555D9 /* Base */,
			);
			name = Main.storyboard;
			sourceTree = "<group>";
		};
/* End PBXVariantGroup section */

/* Begin XCBuildConfiguration section */
		3FCE1CE419C2F6CE00C555D9 /* Debug */ = {
			isa = XCBuildConfiguration;
			buildSettings = {
				ALWAYS_SEARCH_USER_PATHS = NO;
				CLANG_CXX_LANGUAGE_STANDARD = "gnu++0x";
				CLANG_CXX_LIBRARY = "libc++";
				CLANG_ENABLE_MODULES = YES;
				CLANG_ENABLE_OBJC_ARC = YES;
				CLANG_WARN_BOOL_CONVERSION = YES;
				CLANG_WARN_CONSTANT_CONVERSION = YES;
				CLANG_WARN_DIRECT_OBJC_ISA_USAGE = YES_ERROR;
				CLANG_WARN_EMPTY_BODY = YES;
				CLANG_WARN_ENUM_CONVERSION = YES;
				CLANG_WARN_INT_CONVERSION = YES;
				CLANG_WARN_OBJC_ROOT_CLASS = YES_ERROR;
				CLANG_WARN_UNREACHABLE_CODE = YES;
				CLANG_WARN__DUPLICATE_METHOD_MATCH = YES;
				"CODE_SIGN_IDENTITY[sdk=iphoneos*]" = "iPhone Developer";
				COPY_PHASE_STRIP = NO;
				ENABLE_STRICT_OBJC_MSGSEND = YES;
				GCC_C_LANGUAGE_STANDARD = gnu99;
				GCC_DYNAMIC_NO_PIC = NO;
				GCC_OPTIMIZATION_LEVEL = 0;
				GCC_PREPROCESSOR_DEFINITIONS = (
					"DEBUG=1",
					"$(inherited)",
				);
				GCC_SYMBOLS_PRIVATE_EXTERN = NO;
				GCC_WARN_64_TO_32_BIT_CONVERSION = YES;
				GCC_WARN_ABOUT_RETURN_TYPE = YES_ERROR;
				GCC_WARN_UNDECLARED_SELECTOR = YES;
				GCC_WARN_UNINITIALIZED_AUTOS = YES_AGGRESSIVE;
				GCC_WARN_UNUSED_FUNCTION = YES;
				GCC_WARN_UNUSED_VARIABLE = YES;
				IPHONEOS_DEPLOYMENT_TARGET = 8.0;
				MTL_ENABLE_DEBUG_INFO = YES;
				ONLY_ACTIVE_ARCH = YES;
				SDKROOT = iphoneos;
				SWIFT_OPTIMIZATION_LEVEL = "-Onone";
			};
			name = Debug;
		};
		3FCE1CE519C2F6CE00C555D9 /* Release */ = {
			isa = XCBuildConfiguration;
			buildSettings = {
				ALWAYS_SEARCH_USER_PATHS = NO;
				CLANG_CXX_LANGUAGE_STANDARD = "gnu++0x";
				CLANG_CXX_LIBRARY = "libc++";
				CLANG_ENABLE_MODULES = YES;
				CLANG_ENABLE_OBJC_ARC = YES;
				CLANG_WARN_BOOL_CONVERSION = YES;
				CLANG_WARN_CONSTANT_CONVERSION = YES;
				CLANG_WARN_DIRECT_OBJC_ISA_USAGE = YES_ERROR;
				CLANG_WARN_EMPTY_BODY = YES;
				CLANG_WARN_ENUM_CONVERSION = YES;
				CLANG_WARN_INT_CONVERSION = YES;
				CLANG_WARN_OBJC_ROOT_CLASS = YES_ERROR;
				CLANG_WARN_UNREACHABLE_CODE = YES;
				CLANG_WARN__DUPLICATE_METHOD_MATCH = YES;
				"CODE_SIGN_IDENTITY[sdk=iphoneos*]" = "iPhone Developer";
				COPY_PHASE_STRIP = YES;
				ENABLE_NS_ASSERTIONS = NO;
				ENABLE_STRICT_OBJC_MSGSEND = YES;
				GCC_C_LANGUAGE_STANDARD = gnu99;
				GCC_WARN_64_TO_32_BIT_CONVERSION = YES;
				GCC_WARN_ABOUT_RETURN_TYPE = YES_ERROR;
				GCC_WARN_UNDECLARED_SELECTOR = YES;
				GCC_WARN_UNINITIALIZED_AUTOS = YES_AGGRESSIVE;
				GCC_WARN_UNUSED_FUNCTION = YES;
				GCC_WARN_UNUSED_VARIABLE = YES;
				IPHONEOS_DEPLOYMENT_TARGET = 8.0;
				MTL_ENABLE_DEBUG_INFO = NO;
				SDKROOT = iphoneos;
				VALIDATE_PRODUCT = YES;
			};
			name = Release;
		};
		3FCE1CE719C2F6CE00C555D9 /* Debug */ = {
			isa = XCBuildConfiguration;
			buildSettings = {
				ASSETCATALOG_COMPILER_APPICON_NAME = AppIcon;
				ASSETCATALOG_COMPILER_LAUNCHIMAGE_NAME = LaunchImage;
				INFOPLIST_FILE = Ex120914/Info.plist;
				LD_RUNPATH_SEARCH_PATHS = "$(inherited) @executable_path/Frameworks";
				PRODUCT_NAME = "$(TARGET_NAME)";
			};
			name = Debug;
		};
		3FCE1CE819C2F6CE00C555D9 /* Release */ = {
			isa = XCBuildConfiguration;
			buildSettings = {
				ASSETCATALOG_COMPILER_APPICON_NAME = AppIcon;
				ASSETCATALOG_COMPILER_LAUNCHIMAGE_NAME = LaunchImage;
				INFOPLIST_FILE = Ex120914/Info.plist;
				LD_RUNPATH_SEARCH_PATHS = "$(inherited) @executable_path/Frameworks";
				PRODUCT_NAME = "$(TARGET_NAME)";
			};
			name = Release;
		};
		3FCE1CEA19C2F6CE00C555D9 /* Debug */ = {
			isa = XCBuildConfiguration;
			buildSettings = {
				BUNDLE_LOADER = "$(BUILT_PRODUCTS_DIR)/Ex120914.app/Ex120914";
				FRAMEWORK_SEARCH_PATHS = (
					"$(SDKROOT)/Developer/Library/Frameworks",
					"$(inherited)",
				);
				GCC_PREPROCESSOR_DEFINITIONS = (
					"DEBUG=1",
					"$(inherited)",
				);
				INFOPLIST_FILE = Ex120914Tests/Info.plist;
				LD_RUNPATH_SEARCH_PATHS = "$(inherited) @executable_path/Frameworks @loader_path/Frameworks";
				PRODUCT_NAME = "$(TARGET_NAME)";
				TEST_HOST = "$(BUNDLE_LOADER)";
			};
			name = Debug;
		};
		3FCE1CEB19C2F6CE00C555D9 /* Release */ = {
			isa = XCBuildConfiguration;
			buildSettings = {
				BUNDLE_LOADER = "$(BUILT_PRODUCTS_DIR)/Ex120914.app/Ex120914";
				FRAMEWORK_SEARCH_PATHS = (
					"$(SDKROOT)/Developer/Library/Frameworks",
					"$(inherited)",
				);
				INFOPLIST_FILE = Ex120914Tests/Info.plist;
				LD_RUNPATH_SEARCH_PATHS = "$(inherited) @executable_path/Frameworks @loader_path/Frameworks";
				PRODUCT_NAME = "$(TARGET_NAME)";
				TEST_HOST = "$(BUNDLE_LOADER)";
			};
			name = Release;
		};
/* End XCBuildConfiguration section */

/* Begin XCConfigurationList section */
		3FCE1CC519C2F6CE00C555D9 /* Build configuration list for PBXProject "Ex120914" */ = {
			isa = XCConfigurationList;
			buildConfigurations = (
				3FCE1CE419C2F6CE00C555D9 /* Debug */,
				3FCE1CE519C2F6CE00C555D9 /* Release */,
			);
			defaultConfigurationIsVisible = 0;
			defaultConfigurationName = Release;
		};
		3FCE1CE619C2F6CE00C555D9 /* Build configuration list for PBXNativeTarget "Ex120914" */ = {
			isa = XCConfigurationList;
			buildConfigurations = (
				3FCE1CE719C2F6CE00C555D9 /* Debug */,
				3FCE1CE819C2F6CE00C555D9 /* Release */,
			);
			defaultConfigurationIsVisible = 0;
		};
		3FCE1CE919C2F6CE00C555D9 /* Build configuration list for PBXNativeTarget "Ex120914Tests" */ = {
			isa = XCConfigurationList;
			buildConfigurations = (
				3FCE1CEA19C2F6CE00C555D9 /* Debug */,
				3FCE1CEB19C2F6CE00C555D9 /* Release */,
			);
			defaultConfigurationIsVisible = 0;
		};
/* End XCConfigurationList section */
	};
	rootObject = 3FCE1CC219C2F6CE00C555D9 /* Project object */;
}
